// !$*UTF8*$!
{
	archiveVersion = 1;
	classes = {
	};
	objectVersion = 46;
	objects = {

/* Begin PBXBuildFile section */
		B2FF5AA419A6E8B5002EE02A /* Foundation.framework in Frameworks */ = {isa = PBXBuildFile; fileRef = B2FF5AA319A6E8B5002EE02A /* Foundation.framework */; };
		B2FF5AA719A6E8B5002EE02A /* main.m in Sources */ = {isa = PBXBuildFile; fileRef = B2FF5AA619A6E8B5002EE02A /* main.m */; };
		B2FF5AAB19A6E8B6002EE02A /* Chapter15.1 in CopyFiles */ = {isa = PBXBuildFile; fileRef = B2FF5AAA19A6E8B6002EE02A /* Chapter15.1 */; };
/* End PBXBuildFile section */

/* Begin PBXCopyFilesBuildPhase section */
		B2FF5A9E19A6E8B5002EE02A /* CopyFiles */ = {
			isa = PBXCopyFilesBuildPhase;
			buildActionMask = 2147483647;
			dstPath = /usr/share/man/man1/;
			dstSubfolderSpec = 0;
			files = (
				B2FF5AAB19A6E8B6002EE02A /* Chapter15.1 in CopyFiles */,
			);
			runOnlyForDeploymentPostprocessing = 1;
		};
/* End PBXCopyFilesBuildPhase section */

/* Begin PBXFileReference section */
		B2FF5AA019A6E8B5002EE02A /* Chapter15 */ = {isa = PBXFileReference; explicitFileType = "compiled.mach-o.executable"; includeInIndex = 0; path = Chapter15; sourceTree = BUILT_PRODUCTS_DIR; };
		B2FF5AA319A6E8B5002EE02A /* Foundation.framework */ = {isa = PBXFileReference; lastKnownFileType = wrapper.framework; name = Foundation.framework; path = System/Library/Frameworks/Foundation.framework; sourceTree = SDKROOT; };
		B2FF5AA619A6E8B5002EE02A /* main.m */ = {isa = PBXFileReference; lastKnownFileType = sourcecode.c.objc; path = main.m; sourceTree = "<group>"; };
		B2FF5AA919A6E8B5002EE02A /* Chapter15-Prefix.pch */ = {isa = PBXFileReference; lastKnownFileType = sourcecode.c.h; path = "Chapter15-Prefix.pch"; sourceTree = "<group>"; };
		B2FF5AAA19A6E8B6002EE02A /* Chapter15.1 */ = {isa = PBXFileReference; lastKnownFileType = text.man; path = Chapter15.1; sourceTree = "<group>"; };
/* End PBXFileReference section */

/* Begin PBXFrameworksBuildPhase section */
		B2FF5A9D19A6E8B5002EE02A /* Frameworks */ = {
			isa = PBXFrameworksBuildPhase;
			buildActionMask = 2147483647;
			files = (
				B2FF5AA419A6E8B5002EE02A /* Foundation.framework in Frameworks */,
			);
			runOnlyForDeploymentPostprocessing = 0;
		};
/* End PBXFrameworksBuildPhase section */

/* Begin PBXGroup section */
		B2FF5A9719A6E8B5002EE02A = {
			isa = PBXGroup;
			children = (
				B2FF5AA519A6E8B5002EE02A /* Chapter15 */,
				B2FF5AA219A6E8B5002EE02A /* Frameworks */,
				B2FF5AA119A6E8B5002EE02A /* Products */,
			);
			sourceTree = "<group>";
		};
		B2FF5AA119A6E8B5002EE02A /* Products */ = {
			isa = PBXGroup;
			children = (
				B2FF5AA019A6E8B5002EE02A /* Chapter15 */,
			);
			name = Products;
			sourceTree = "<group>";
		};
		B2FF5AA219A6E8B5002EE02A /* Frameworks */ = {
			isa = PBXGroup;
			children = (
				B2FF5AA319A6E8B5002EE02A /* Foundation.framework */,
			);
			name = Frameworks;
			sourceTree = "<group>";
		};
		B2FF5AA519A6E8B5002EE02A /* Chapter15 */ = {
			isa = PBXGroup;
			children = (
				B2FF5AA619A6E8B5002EE02A /* main.m */,
				B2FF5AAA19A6E8B6002EE02A /* Chapter15.1 */,
				B2FF5AA819A6E8B5002EE02A /* Supporting Files */,
			);
			path = Chapter15;
			sourceTree = "<group>";
		};
		B2FF5AA819A6E8B5002EE02A /* Supporting Files */ = {
			isa = PBXGroup;
			children = (
				B2FF5AA919A6E8B5002EE02A /* Chapter15-Prefix.pch */,
			);
			name = "Supporting Files";
			sourceTree = "<group>";
		};
/* End PBXGroup section */

/* Begin PBXNativeTarget section */
		B2FF5A9F19A6E8B5002EE02A /* Chapter15 */ = {
			isa = PBXNativeTarget;
			buildConfigurationList = B2FF5AAE19A6E8B6002EE02A /* Build configuration list for PBXNativeTarget "Chapter15" */;
			buildPhases = (
				B2FF5A9C19A6E8B5002EE02A /* Sources */,
				B2FF5A9D19A6E8B5002EE02A /* Frameworks */,
				B2FF5A9E19A6E8B5002EE02A /* CopyFiles */,
			);
			buildRules = (
			);
			dependencies = (
			);
			name = Chapter15;
			productName = Chapter15;
			productReference = B2FF5AA019A6E8B5002EE02A /* Chapter15 */;
			productType = "com.apple.product-type.tool";
		};
/* End PBXNativeTarget section */

/* Begin PBXProject section */
		B2FF5A9819A6E8B5002EE02A /* Project object */ = {
			isa = PBXProject;
			attributes = {
				LastUpgradeCheck = 0510;
				ORGANIZATIONNAME = "___ANHHAU___";
			};
			buildConfigurationList = B2FF5A9B19A6E8B5002EE02A /* Build configuration list for PBXProject "Chapter15" */;
			compatibilityVersion = "Xcode 3.2";
			developmentRegion = English;
			hasScannedForEncodings = 0;
			knownRegions = (
				en,
			);
			mainGroup = B2FF5A9719A6E8B5002EE02A;
			productRefGroup = B2FF5AA119A6E8B5002EE02A /* Products */;
			projectDirPath = "";
			projectRoot = "";
			targets = (
				B2FF5A9F19A6E8B5002EE02A /* Chapter15 */,
			);
		};
/* End PBXProject section */

/* Begin PBXSourcesBuildPhase section */
		B2FF5A9C19A6E8B5002EE02A /* Sources */ = {
			isa = PBXSourcesBuildPhase;
			buildActionMask = 2147483647;
			files = (
				B2FF5AA719A6E8B5002EE02A /* main.m in Sources */,
			);
			runOnlyForDeploymentPostprocessing = 0;
		};
/* End PBXSourcesBuildPhase section */

/* Begin XCBuildConfiguration section */
		B2FF5AAC19A6E8B6002EE02A /* Debug */ = {
			isa = XCBuildConfiguration;
			buildSettings = {
				ALWAYS_SEARCH_USER_PATHS = NO;
				CLANG_CXX_LANGUAGE_STANDARD = "gnu++0x";
				CLANG_CXX_LIBRARY = "libc++";
				CLANG_ENABLE_MODULES = YES;
				CLANG_ENABLE_OBJC_ARC = YES;
				CLANG_WARN_BOOL_CONVERSION = YES;
				CLANG_WARN_CONSTANT_CONVERSION = YES;
				CLANG_WARN_DIRECT_OBJC_ISA_USAGE = YES_ERROR;
				CLANG_WARN_EMPTY_BODY = YES;
				CLANG_WARN_ENUM_CONVERSION = YES;
				CLANG_WARN_INT_CONVERSION = YES;
				CLANG_WARN_OBJC_ROOT_CLASS = YES_ERROR;
				CLANG_WARN__DUPLICATE_METHOD_MATCH = YES;
				COPY_PHASE_STRIP = NO;
				GCC_C_LANGUAGE_STANDARD = gnu99;
				GCC_DYNAMIC_NO_PIC = NO;
				GCC_ENABLE_OBJC_EXCEPTIONS = YES;
				GCC_OPTIMIZATION_LEVEL = 0;
				GCC_PREPROCESSOR_DEFINITIONS = (
					"DEBUG=1",
					"$(inherited)",
				);
				GCC_SYMBOLS_PRIVATE_EXTERN = NO;
				GCC_WARN_64_TO_32_BIT_CONVERSION = YES;
				GCC_WARN_ABOUT_RETURN_TYPE = YES_ERROR;
				GCC_WARN_UNDECLARED_SELECTOR = YES;
				GCC_WARN_UNINITIALIZED_AUTOS = YES_AGGRESSIVE;
				GCC_WARN_UNUSED_FUNCTION = YES;
				GCC_WARN_UNUSED_VARIABLE = YES;
				MACOSX_DEPLOYMENT_TARGET = 10.9;
				ONLY_ACTIVE_ARCH = YES;
				SDKROOT = macosx;
			};
			name = Debug;
		};
		B2FF5AAD19A6E8B6002EE02A /* Release */ = {
			isa = XCBuildConfiguration;
			buildSettings = {
				ALWAYS_SEARCH_USER_PATHS = NO;
				CLANG_CXX_LANGUAGE_STANDARD = "gnu++0x";
				CLANG_CXX_LIBRARY = "libc++";
				CLANG_ENABLE_MODULES = YES;
				CLANG_ENABLE_OBJC_ARC = YES;
				CLANG_WARN_BOOL_CONVERSION = YES;
				CLANG_WARN_CONSTANT_CONVERSION = YES;
				CLANG_WARN_DIRECT_OBJC_ISA_USAGE = YES_ERROR;
				CLANG_WARN_EMPTY_BODY = YES;
				CLANG_WARN_ENUM_CONVERSION = YES;
				CLANG_WARN_INT_CONVERSION = YES;
				CLANG_WARN_OBJC_ROOT_CLASS = YES_ERROR;
				CLANG_WARN__DUPLICATE_METHOD_MATCH = YES;
				COPY_PHASE_STRIP = YES;
				DEBUG_INFORMATION_FORMAT = "dwarf-with-dsym";
				ENABLE_NS_ASSERTIONS = NO;
				GCC_C_LANGUAGE_STANDARD = gnu99;
				GCC_ENABLE_OBJC_EXCEPTIONS = YES;
				GCC_WARN_64_TO_32_BIT_CONVERSION = YES;
				GCC_WARN_ABOUT_RETURN_TYPE = YES_ERROR;
				GCC_WARN_UNDECLARED_SELECTOR = YES;
				GCC_WARN_UNINITIALIZED_AUTOS = YES_AGGRESSIVE;
				GCC_WARN_UNUSED_FUNCTION = YES;
				GCC_WARN_UNUSED_VARIABLE = YES;
				MACOSX_DEPLOYMENT_TARGET = 10.9;
				SDKROOT = macosx;
			};
			name = Release;
		};
		B2FF5AAF19A6E8B6002EE02A /* Debug */ = {
			isa = XCBuildConfiguration;
			buildSettings = {
				GCC_PRECOMPILE_PREFIX_HEADER = YES;
				GCC_PREFIX_HEADER = "Chapter15/Chapter15-Prefix.pch";
				PRODUCT_NAME = "$(TARGET_NAME)";
			};
			name = Debug;
		};
		B2FF5AB019A6E8B6002EE02A /* Release */ = {
			isa = XCBuildConfiguration;
			buildSettings = {
				GCC_PRECOMPILE_PREFIX_HEADER = YES;
				GCC_PREFIX_HEADER = "Chapter15/Chapter15-Prefix.pch";
				PRODUCT_NAME = "$(TARGET_NAME)";
			};
			name = Release;
		};
/* End XCBuildConfiguration section */

/* Begin XCConfigurationList section */
		B2FF5A9B19A6E8B5002EE02A /* Build configuration list for PBXProject "Chapter15" */ = {
			isa = XCConfigurationList;
			buildConfigurations = (
				B2FF5AAC19A6E8B6002EE02A /* Debug */,
				B2FF5AAD19A6E8B6002EE02A /* Release */,
			);
			defaultConfigurationIsVisible = 0;
			defaultConfigurationName = Release;
		};
		B2FF5AAE19A6E8B6002EE02A /* Build configuration list for PBXNativeTarget "Chapter15" */ = {
			isa = XCConfigurationList;
			buildConfigurations = (
				B2FF5AAF19A6E8B6002EE02A /* Debug */,
				B2FF5AB019A6E8B6002EE02A /* Release */,
			);
			defaultConfigurationIsVisible = 0;
		};
/* End XCConfigurationList section */
	};
	rootObject = B2FF5A9819A6E8B5002EE02A /* Project object */;
}
