// !$*UTF8*$!
{
	archiveVersion = 1;
	classes = {
	};
	objectVersion = 46;
	objects = {

/* Begin PBXBuildFile section */
		B2798FA919F4B8A300E8EA54 /* main.m in Sources */ = {isa = PBXBuildFile; fileRef = B2798FA819F4B8A300E8EA54 /* main.m */; };
		B2798FAC19F4B8A300E8EA54 /* AppDelegate.m in Sources */ = {isa = PBXBuildFile; fileRef = B2798FAB19F4B8A300E8EA54 /* AppDelegate.m */; };
		B2798FAF19F4B8A300E8EA54 /* ViewController.m in Sources */ = {isa = PBXBuildFile; fileRef = B2798FAE19F4B8A300E8EA54 /* ViewController.m */; };
		B2798FB219F4B8A300E8EA54 /* Main.storyboard in Resources */ = {isa = PBXBuildFile; fileRef = B2798FB019F4B8A300E8EA54 /* Main.storyboard */; };
		B2798FB419F4B8A300E8EA54 /* Images.xcassets in Resources */ = {isa = PBXBuildFile; fileRef = B2798FB319F4B8A300E8EA54 /* Images.xcassets */; };
		B2798FB719F4B8A300E8EA54 /* LaunchScreen.xib in Resources */ = {isa = PBXBuildFile; fileRef = B2798FB519F4B8A300E8EA54 /* LaunchScreen.xib */; };
		B2798FC319F4B8A400E8EA54 /* AutoLayoutTests.m in Sources */ = {isa = PBXBuildFile; fileRef = B2798FC219F4B8A400E8EA54 /* AutoLayoutTests.m */; };
		B2DA33AD19F9F6EC000547AE /* LoginViewController.m in Sources */ = {isa = PBXBuildFile; fileRef = B2DA33AC19F9F6EC000547AE /* LoginViewController.m */; };
		B2DA33B119F9F7EA000547AE /* MainSearchViewController.m in Sources */ = {isa = PBXBuildFile; fileRef = B2DA33B019F9F7EA000547AE /* MainSearchViewController.m */; };
		B2DA33B619FDEFB3000547AE /* MallListViewController.m in Sources */ = {isa = PBXBuildFile; fileRef = B2DA33B519FDEFB3000547AE /* MallListViewController.m */; };
		B2DA33BC19FDF06B000547AE /* SearchTableViewCell.m in Sources */ = {isa = PBXBuildFile; fileRef = B2DA33BB19FDF06B000547AE /* SearchTableViewCell.m */; };
		B2DA33C119FDF0CA000547AE /* Mall.m in Sources */ = {isa = PBXBuildFile; fileRef = B2DA33C019FDF0CA000547AE /* Mall.m */; };
		B2DA33C519FDF10E000547AE /* malls.json in Resources */ = {isa = PBXBuildFile; fileRef = B2DA33C419FDF10E000547AE /* malls.json */; };
		B2DA33C919FE3474000547AE /* HomeViewController.m in Sources */ = {isa = PBXBuildFile; fileRef = B2DA33C819FE3474000547AE /* HomeViewController.m */; };
		B2DA33CD19FE362E000547AE /* TabBarViewController.m in Sources */ = {isa = PBXBuildFile; fileRef = B2DA33CC19FE362E000547AE /* TabBarViewController.m */; };
		B2FCAB551A023C25009BD31B /* StoreViewController.m in Sources */ = {isa = PBXBuildFile; fileRef = B2FCAB541A023C25009BD31B /* StoreViewController.m */; };
		B2FCAB591A023C91009BD31B /* Store.m in Sources */ = {isa = PBXBuildFile; fileRef = B2FCAB581A023C91009BD31B /* Store.m */; };
		B2FCAB5D1A023CDF009BD31B /* StoreTableViewCell.m in Sources */ = {isa = PBXBuildFile; fileRef = B2FCAB5C1A023CDF009BD31B /* StoreTableViewCell.m */; };
		B2FCAB601A023F33009BD31B /* stores.json in Resources */ = {isa = PBXBuildFile; fileRef = B2FCAB5E1A023F33009BD31B /* stores.json */; };
		B2FCAB651A0245B7009BD31B /* SettingTableViewCell.m in Sources */ = {isa = PBXBuildFile; fileRef = B2FCAB641A0245B7009BD31B /* SettingTableViewCell.m */; };
		B2FCAB6A1A024625009BD31B /* SettingViewController.m in Sources */ = {isa = PBXBuildFile; fileRef = B2FCAB691A024625009BD31B /* SettingViewController.m */; };
/* End PBXBuildFile section */

/* Begin PBXContainerItemProxy section */
		B2798FBD19F4B8A300E8EA54 /* PBXContainerItemProxy */ = {
			isa = PBXContainerItemProxy;
			containerPortal = B2798F9B19F4B8A300E8EA54 /* Project object */;
			proxyType = 1;
			remoteGlobalIDString = B2798FA219F4B8A300E8EA54;
			remoteInfo = AutoLayout;
		};
/* End PBXContainerItemProxy section */

/* Begin PBXFileReference section */
		B2798FA319F4B8A300E8EA54 /* AutoLayout.app */ = {isa = PBXFileReference; explicitFileType = wrapper.application; includeInIndex = 0; path = AutoLayout.app; sourceTree = BUILT_PRODUCTS_DIR; };
		B2798FA719F4B8A300E8EA54 /* Info.plist */ = {isa = PBXFileReference; lastKnownFileType = text.plist.xml; path = Info.plist; sourceTree = "<group>"; };
		B2798FA819F4B8A300E8EA54 /* main.m */ = {isa = PBXFileReference; lastKnownFileType = sourcecode.c.objc; path = main.m; sourceTree = "<group>"; };
		B2798FAA19F4B8A300E8EA54 /* AppDelegate.h */ = {isa = PBXFileReference; lastKnownFileType = sourcecode.c.h; path = AppDelegate.h; sourceTree = "<group>"; };
		B2798FAB19F4B8A300E8EA54 /* AppDelegate.m */ = {isa = PBXFileReference; lastKnownFileType = sourcecode.c.objc; path = AppDelegate.m; sourceTree = "<group>"; };
		B2798FAD19F4B8A300E8EA54 /* ViewController.h */ = {isa = PBXFileReference; lastKnownFileType = sourcecode.c.h; path = ViewController.h; sourceTree = "<group>"; };
		B2798FAE19F4B8A300E8EA54 /* ViewController.m */ = {isa = PBXFileReference; lastKnownFileType = sourcecode.c.objc; path = ViewController.m; sourceTree = "<group>"; };
		B2798FB119F4B8A300E8EA54 /* Base */ = {isa = PBXFileReference; lastKnownFileType = file.storyboard; name = Base; path = Base.lproj/Main.storyboard; sourceTree = "<group>"; };
		B2798FB319F4B8A300E8EA54 /* Images.xcassets */ = {isa = PBXFileReference; lastKnownFileType = folder.assetcatalog; path = Images.xcassets; sourceTree = "<group>"; };
		B2798FB619F4B8A300E8EA54 /* Base */ = {isa = PBXFileReference; lastKnownFileType = file.xib; name = Base; path = Base.lproj/LaunchScreen.xib; sourceTree = "<group>"; };
		B2798FBC19F4B8A300E8EA54 /* AutoLayoutTests.xctest */ = {isa = PBXFileReference; explicitFileType = wrapper.cfbundle; includeInIndex = 0; path = AutoLayoutTests.xctest; sourceTree = BUILT_PRODUCTS_DIR; };
		B2798FC119F4B8A400E8EA54 /* Info.plist */ = {isa = PBXFileReference; lastKnownFileType = text.plist.xml; path = Info.plist; sourceTree = "<group>"; };
		B2798FC219F4B8A400E8EA54 /* AutoLayoutTests.m */ = {isa = PBXFileReference; lastKnownFileType = sourcecode.c.objc; path = AutoLayoutTests.m; sourceTree = "<group>"; };
		B2DA33AB19F9F6EC000547AE /* LoginViewController.h */ = {isa = PBXFileReference; fileEncoding = 4; lastKnownFileType = sourcecode.c.h; path = LoginViewController.h; sourceTree = "<group>"; };
		B2DA33AC19F9F6EC000547AE /* LoginViewController.m */ = {isa = PBXFileReference; fileEncoding = 4; lastKnownFileType = sourcecode.c.objc; path = LoginViewController.m; sourceTree = "<group>"; };
		B2DA33AF19F9F7EA000547AE /* MainSearchViewController.h */ = {isa = PBXFileReference; fileEncoding = 4; lastKnownFileType = sourcecode.c.h; path = MainSearchViewController.h; sourceTree = "<group>"; };
		B2DA33B019F9F7EA000547AE /* MainSearchViewController.m */ = {isa = PBXFileReference; fileEncoding = 4; lastKnownFileType = sourcecode.c.objc; path = MainSearchViewController.m; sourceTree = "<group>"; };
		B2DA33B419FDEFB3000547AE /* MallListViewController.h */ = {isa = PBXFileReference; fileEncoding = 4; lastKnownFileType = sourcecode.c.h; path = MallListViewController.h; sourceTree = "<group>"; };
		B2DA33B519FDEFB3000547AE /* MallListViewController.m */ = {isa = PBXFileReference; fileEncoding = 4; lastKnownFileType = sourcecode.c.objc; path = MallListViewController.m; sourceTree = "<group>"; };
		B2DA33BA19FDF06B000547AE /* SearchTableViewCell.h */ = {isa = PBXFileReference; fileEncoding = 4; lastKnownFileType = sourcecode.c.h; path = SearchTableViewCell.h; sourceTree = "<group>"; };
		B2DA33BB19FDF06B000547AE /* SearchTableViewCell.m */ = {isa = PBXFileReference; fileEncoding = 4; lastKnownFileType = sourcecode.c.objc; path = SearchTableViewCell.m; sourceTree = "<group>"; };
		B2DA33BF19FDF0CA000547AE /* Mall.h */ = {isa = PBXFileReference; fileEncoding = 4; lastKnownFileType = sourcecode.c.h; path = Mall.h; sourceTree = "<group>"; };
		B2DA33C019FDF0CA000547AE /* Mall.m */ = {isa = PBXFileReference; fileEncoding = 4; lastKnownFileType = sourcecode.c.objc; path = Mall.m; sourceTree = "<group>"; };
		B2DA33C419FDF10E000547AE /* malls.json */ = {isa = PBXFileReference; fileEncoding = 4; lastKnownFileType = text.json; path = malls.json; sourceTree = "<group>"; };
		B2DA33C719FE3474000547AE /* HomeViewController.h */ = {isa = PBXFileReference; fileEncoding = 4; lastKnownFileType = sourcecode.c.h; path = HomeViewController.h; sourceTree = "<group>"; };
		B2DA33C819FE3474000547AE /* HomeViewController.m */ = {isa = PBXFileReference; fileEncoding = 4; lastKnownFileType = sourcecode.c.objc; path = HomeViewController.m; sourceTree = "<group>"; };
		B2DA33CB19FE362E000547AE /* TabBarViewController.h */ = {isa = PBXFileReference; fileEncoding = 4; lastKnownFileType = sourcecode.c.h; path = TabBarViewController.h; sourceTree = "<group>"; };
		B2DA33CC19FE362E000547AE /* TabBarViewController.m */ = {isa = PBXFileReference; fileEncoding = 4; lastKnownFileType = sourcecode.c.objc; path = TabBarViewController.m; sourceTree = "<group>"; };
		B2FCAB531A023C25009BD31B /* StoreViewController.h */ = {isa = PBXFileReference; fileEncoding = 4; lastKnownFileType = sourcecode.c.h; path = StoreViewController.h; sourceTree = "<group>"; };
		B2FCAB541A023C25009BD31B /* StoreViewController.m */ = {isa = PBXFileReference; fileEncoding = 4; lastKnownFileType = sourcecode.c.objc; path = StoreViewController.m; sourceTree = "<group>"; };
		B2FCAB571A023C91009BD31B /* Store.h */ = {isa = PBXFileReference; fileEncoding = 4; lastKnownFileType = sourcecode.c.h; path = Store.h; sourceTree = "<group>"; };
		B2FCAB581A023C91009BD31B /* Store.m */ = {isa = PBXFileReference; fileEncoding = 4; lastKnownFileType = sourcecode.c.objc; path = Store.m; sourceTree = "<group>"; };
		B2FCAB5B1A023CDF009BD31B /* StoreTableViewCell.h */ = {isa = PBXFileReference; fileEncoding = 4; lastKnownFileType = sourcecode.c.h; path = StoreTableViewCell.h; sourceTree = "<group>"; };
		B2FCAB5C1A023CDF009BD31B /* StoreTableViewCell.m */ = {isa = PBXFileReference; fileEncoding = 4; lastKnownFileType = sourcecode.c.objc; path = StoreTableViewCell.m; sourceTree = "<group>"; };
		B2FCAB5E1A023F33009BD31B /* stores.json */ = {isa = PBXFileReference; fileEncoding = 4; lastKnownFileType = text.json; path = stores.json; sourceTree = "<group>"; };
		B2FCAB631A0245B7009BD31B /* SettingTableViewCell.h */ = {isa = PBXFileReference; fileEncoding = 4; lastKnownFileType = sourcecode.c.h; path = SettingTableViewCell.h; sourceTree = "<group>"; };
		B2FCAB641A0245B7009BD31B /* SettingTableViewCell.m */ = {isa = PBXFileReference; fileEncoding = 4; lastKnownFileType = sourcecode.c.objc; path = SettingTableViewCell.m; sourceTree = "<group>"; };
		B2FCAB681A024625009BD31B /* SettingViewController.h */ = {isa = PBXFileReference; fileEncoding = 4; lastKnownFileType = sourcecode.c.h; path = SettingViewController.h; sourceTree = "<group>"; };
		B2FCAB691A024625009BD31B /* SettingViewController.m */ = {isa = PBXFileReference; fileEncoding = 4; lastKnownFileType = sourcecode.c.objc; path = SettingViewController.m; sourceTree = "<group>"; };
/* End PBXFileReference section */

/* Begin PBXFrameworksBuildPhase section */
		B2798FA019F4B8A300E8EA54 /* Frameworks */ = {
			isa = PBXFrameworksBuildPhase;
			buildActionMask = 2147483647;
			files = (
			);
			runOnlyForDeploymentPostprocessing = 0;
		};
		B2798FB919F4B8A300E8EA54 /* Frameworks */ = {
			isa = PBXFrameworksBuildPhase;
			buildActionMask = 2147483647;
			files = (
			);
			runOnlyForDeploymentPostprocessing = 0;
		};
/* End PBXFrameworksBuildPhase section */

/* Begin PBXGroup section */
		B2798F9A19F4B8A300E8EA54 = {
			isa = PBXGroup;
			children = (
				B2798FA519F4B8A300E8EA54 /* AutoLayout */,
				B2798FBF19F4B8A400E8EA54 /* AutoLayoutTests */,
				B2798FA419F4B8A300E8EA54 /* Products */,
			);
			sourceTree = "<group>";
		};
		B2798FA419F4B8A300E8EA54 /* Products */ = {
			isa = PBXGroup;
			children = (
				B2798FA319F4B8A300E8EA54 /* AutoLayout.app */,
				B2798FBC19F4B8A300E8EA54 /* AutoLayoutTests.xctest */,
			);
			name = Products;
			sourceTree = "<group>";
		};
		B2798FA519F4B8A300E8EA54 /* AutoLayout */ = {
			isa = PBXGroup;
			children = (
				B2DA33A819F9F6B5000547AE /* Src */,
				B2798FAA19F4B8A300E8EA54 /* AppDelegate.h */,
				B2798FAB19F4B8A300E8EA54 /* AppDelegate.m */,
				B2798FB019F4B8A300E8EA54 /* Main.storyboard */,
				B2798FB319F4B8A300E8EA54 /* Images.xcassets */,
				B2798FB519F4B8A300E8EA54 /* LaunchScreen.xib */,
				B2798FA619F4B8A300E8EA54 /* Supporting Files */,
			);
			path = AutoLayout;
			sourceTree = "<group>";
		};
		B2798FA619F4B8A300E8EA54 /* Supporting Files */ = {
			isa = PBXGroup;
			children = (
				B2798FA719F4B8A300E8EA54 /* Info.plist */,
				B2798FA819F4B8A300E8EA54 /* main.m */,
			);
			name = "Supporting Files";
			sourceTree = "<group>";
		};
		B2798FBF19F4B8A400E8EA54 /* AutoLayoutTests */ = {
			isa = PBXGroup;
			children = (
				B2798FC219F4B8A400E8EA54 /* AutoLayoutTests.m */,
				B2798FC019F4B8A400E8EA54 /* Supporting Files */,
			);
			path = AutoLayoutTests;
			sourceTree = "<group>";
		};
		B2798FC019F4B8A400E8EA54 /* Supporting Files */ = {
			isa = PBXGroup;
			children = (
				B2798FC119F4B8A400E8EA54 /* Info.plist */,
			);
			name = "Supporting Files";
			sourceTree = "<group>";
		};
		B2DA33A819F9F6B5000547AE /* Src */ = {
			isa = PBXGroup;
			children = (
				B2DA33C219FDF0F0000547AE /* Resources */,
				B2DA33BD19FDF08D000547AE /* Models */,
				B2DA33B719FDF016000547AE /* Views */,
				B2DA33A919F9F6BB000547AE /* Controllers */,
			);
			name = Src;
			sourceTree = "<group>";
		};
		B2DA33A919F9F6BB000547AE /* Controllers */ = {
			isa = PBXGroup;
			children = (
				B2FCAB661A024607009BD31B /* Setting */,
				B2FCAB521A023C04009BD31B /* Store */,
				B2DA33CA19FE3617000547AE /* TabBar */,
				B2DA33C619FE3452000547AE /* Home */,
				B2DA33B319FDEF9C000547AE /* List */,
				B2DA33AE19F9F7D3000547AE /* MainSearch */,
				B2DA33AA19F9F6C7000547AE /* Login */,
				B2798FAD19F4B8A300E8EA54 /* ViewController.h */,
				B2798FAE19F4B8A300E8EA54 /* ViewController.m */,
			);
			name = Controllers;
			sourceTree = "<group>";
		};
		B2DA33AA19F9F6C7000547AE /* Login */ = {
			isa = PBXGroup;
			children = (
				B2DA33AB19F9F6EC000547AE /* LoginViewController.h */,
				B2DA33AC19F9F6EC000547AE /* LoginViewController.m */,
			);
			name = Login;
			sourceTree = "<group>";
		};
		B2DA33AE19F9F7D3000547AE /* MainSearch */ = {
			isa = PBXGroup;
			children = (
				B2DA33AF19F9F7EA000547AE /* MainSearchViewController.h */,
				B2DA33B019F9F7EA000547AE /* MainSearchViewController.m */,
			);
			name = MainSearch;
			sourceTree = "<group>";
		};
		B2DA33B319FDEF9C000547AE /* List */ = {
			isa = PBXGroup;
			children = (
				B2DA33B419FDEFB3000547AE /* MallListViewController.h */,
				B2DA33B519FDEFB3000547AE /* MallListViewController.m */,
			);
			name = List;
			sourceTree = "<group>";
		};
		B2DA33B719FDF016000547AE /* Views */ = {
			isa = PBXGroup;
			children = (
				B2DA33B819FDF038000547AE /* TableCellView */,
			);
			name = Views;
			sourceTree = "<group>";
		};
		B2DA33B819FDF038000547AE /* TableCellView */ = {
			isa = PBXGroup;
			children = (
				B2FCAB621A0245A2009BD31B /* Setting */,
				B2FCAB5A1A023CC0009BD31B /* Store */,
				B2DA33B919FDF047000547AE /* Search */,
			);
			name = TableCellView;
			sourceTree = "<group>";
		};
		B2DA33B919FDF047000547AE /* Search */ = {
			isa = PBXGroup;
			children = (
				B2DA33BA19FDF06B000547AE /* SearchTableViewCell.h */,
				B2DA33BB19FDF06B000547AE /* SearchTableViewCell.m */,
			);
			name = Search;
			sourceTree = "<group>";
		};
		B2DA33BD19FDF08D000547AE /* Models */ = {
			isa = PBXGroup;
			children = (
				B2FCAB561A023C78009BD31B /* Store */,
				B2DA33BE19FDF09D000547AE /* Mall */,
			);
			name = Models;
			sourceTree = "<group>";
		};
		B2DA33BE19FDF09D000547AE /* Mall */ = {
			isa = PBXGroup;
			children = (
				B2DA33BF19FDF0CA000547AE /* Mall.h */,
				B2DA33C019FDF0CA000547AE /* Mall.m */,
			);
			name = Mall;
			sourceTree = "<group>";
		};
		B2DA33C219FDF0F0000547AE /* Resources */ = {
			isa = PBXGroup;
			children = (
				B2DA33C319FDF0F7000547AE /* data */,
			);
			name = Resources;
			sourceTree = "<group>";
		};
		B2DA33C319FDF0F7000547AE /* data */ = {
			isa = PBXGroup;
			children = (
				B2DA33C419FDF10E000547AE /* malls.json */,
				B2FCAB5E1A023F33009BD31B /* stores.json */,
			);
			name = data;
			sourceTree = "<group>";
		};
		B2DA33C619FE3452000547AE /* Home */ = {
			isa = PBXGroup;
			children = (
				B2DA33C719FE3474000547AE /* HomeViewController.h */,
				B2DA33C819FE3474000547AE /* HomeViewController.m */,
			);
			name = Home;
			sourceTree = "<group>";
		};
		B2DA33CA19FE3617000547AE /* TabBar */ = {
			isa = PBXGroup;
			children = (
				B2DA33CB19FE362E000547AE /* TabBarViewController.h */,
				B2DA33CC19FE362E000547AE /* TabBarViewController.m */,
			);
			name = TabBar;
			sourceTree = "<group>";
		};
		B2FCAB521A023C04009BD31B /* Store */ = {
			isa = PBXGroup;
			children = (
				B2FCAB531A023C25009BD31B /* StoreViewController.h */,
				B2FCAB541A023C25009BD31B /* StoreViewController.m */,
			);
			name = Store;
			sourceTree = "<group>";
		};
		B2FCAB561A023C78009BD31B /* Store */ = {
			isa = PBXGroup;
			children = (
				B2FCAB571A023C91009BD31B /* Store.h */,
				B2FCAB581A023C91009BD31B /* Store.m */,
			);
			name = Store;
			sourceTree = "<group>";
		};
		B2FCAB5A1A023CC0009BD31B /* Store */ = {
			isa = PBXGroup;
			children = (
				B2FCAB5B1A023CDF009BD31B /* StoreTableViewCell.h */,
				B2FCAB5C1A023CDF009BD31B /* StoreTableViewCell.m */,
			);
			name = Store;
			sourceTree = "<group>";
		};
		B2FCAB621A0245A2009BD31B /* Setting */ = {
			isa = PBXGroup;
			children = (
				B2FCAB631A0245B7009BD31B /* SettingTableViewCell.h */,
				B2FCAB641A0245B7009BD31B /* SettingTableViewCell.m */,
			);
			name = Setting;
			sourceTree = "<group>";
		};
		B2FCAB661A024607009BD31B /* Setting */ = {
			isa = PBXGroup;
			children = (
				B2FCAB681A024625009BD31B /* SettingViewController.h */,
				B2FCAB691A024625009BD31B /* SettingViewController.m */,
			);
			name = Setting;
			sourceTree = "<group>";
		};
/* End PBXGroup section */

/* Begin PBXNativeTarget section */
		B2798FA219F4B8A300E8EA54 /* AutoLayout */ = {
			isa = PBXNativeTarget;
			buildConfigurationList = B2798FC619F4B8A400E8EA54 /* Build configuration list for PBXNativeTarget "AutoLayout" */;
			buildPhases = (
				B2798F9F19F4B8A300E8EA54 /* Sources */,
				B2798FA019F4B8A300E8EA54 /* Frameworks */,
				B2798FA119F4B8A300E8EA54 /* Resources */,
			);
			buildRules = (
			);
			dependencies = (
			);
			name = AutoLayout;
			productName = AutoLayout;
			productReference = B2798FA319F4B8A300E8EA54 /* AutoLayout.app */;
			productType = "com.apple.product-type.application";
		};
		B2798FBB19F4B8A300E8EA54 /* AutoLayoutTests */ = {
			isa = PBXNativeTarget;
			buildConfigurationList = B2798FC919F4B8A400E8EA54 /* Build configuration list for PBXNativeTarget "AutoLayoutTests" */;
			buildPhases = (
				B2798FB819F4B8A300E8EA54 /* Sources */,
				B2798FB919F4B8A300E8EA54 /* Frameworks */,
				B2798FBA19F4B8A300E8EA54 /* Resources */,
			);
			buildRules = (
			);
			dependencies = (
				B2798FBE19F4B8A300E8EA54 /* PBXTargetDependency */,
			);
			name = AutoLayoutTests;
			productName = AutoLayoutTests;
			productReference = B2798FBC19F4B8A300E8EA54 /* AutoLayoutTests.xctest */;
			productType = "com.apple.product-type.bundle.unit-test";
		};
/* End PBXNativeTarget section */

/* Begin PBXProject section */
		B2798F9B19F4B8A300E8EA54 /* Project object */ = {
			isa = PBXProject;
			attributes = {
				LastUpgradeCheck = 0600;
				ORGANIZATIONNAME = "___ANHHAU___";
				TargetAttributes = {
					B2798FA219F4B8A300E8EA54 = {
						CreatedOnToolsVersion = 6.0.1;
					};
					B2798FBB19F4B8A300E8EA54 = {
						CreatedOnToolsVersion = 6.0.1;
						TestTargetID = B2798FA219F4B8A300E8EA54;
					};
				};
			};
			buildConfigurationList = B2798F9E19F4B8A300E8EA54 /* Build configuration list for PBXProject "AutoLayout" */;
			compatibilityVersion = "Xcode 3.2";
			developmentRegion = English;
			hasScannedForEncodings = 0;
			knownRegions = (
				en,
				Base,
			);
			mainGroup = B2798F9A19F4B8A300E8EA54;
			productRefGroup = B2798FA419F4B8A300E8EA54 /* Products */;
			projectDirPath = "";
			projectRoot = "";
			targets = (
				B2798FA219F4B8A300E8EA54 /* AutoLayout */,
				B2798FBB19F4B8A300E8EA54 /* AutoLayoutTests */,
			);
		};
/* End PBXProject section */

/* Begin PBXResourcesBuildPhase section */
		B2798FA119F4B8A300E8EA54 /* Resources */ = {
			isa = PBXResourcesBuildPhase;
			buildActionMask = 2147483647;
			files = (
				B2798FB219F4B8A300E8EA54 /* Main.storyboard in Resources */,
				B2798FB719F4B8A300E8EA54 /* LaunchScreen.xib in Resources */,
				B2FCAB601A023F33009BD31B /* stores.json in Resources */,
				B2798FB419F4B8A300E8EA54 /* Images.xcassets in Resources */,
				B2DA33C519FDF10E000547AE /* malls.json in Resources */,
			);
			runOnlyForDeploymentPostprocessing = 0;
		};
		B2798FBA19F4B8A300E8EA54 /* Resources */ = {
			isa = PBXResourcesBuildPhase;
			buildActionMask = 2147483647;
			files = (
			);
			runOnlyForDeploymentPostprocessing = 0;
		};
/* End PBXResourcesBuildPhase section */

/* Begin PBXSourcesBuildPhase section */
		B2798F9F19F4B8A300E8EA54 /* Sources */ = {
			isa = PBXSourcesBuildPhase;
			buildActionMask = 2147483647;
			files = (
				B2DA33CD19FE362E000547AE /* TabBarViewController.m in Sources */,
				B2DA33AD19F9F6EC000547AE /* LoginViewController.m in Sources */,
				B2798FAF19F4B8A300E8EA54 /* ViewController.m in Sources */,
				B2FCAB591A023C91009BD31B /* Store.m in Sources */,
				B2DA33B119F9F7EA000547AE /* MainSearchViewController.m in Sources */,
				B2798FAC19F4B8A300E8EA54 /* AppDelegate.m in Sources */,
				B2FCAB651A0245B7009BD31B /* SettingTableViewCell.m in Sources */,
				B2DA33B619FDEFB3000547AE /* MallListViewController.m in Sources */,
				B2DA33C919FE3474000547AE /* HomeViewController.m in Sources */,
				B2FCAB5D1A023CDF009BD31B /* StoreTableViewCell.m in Sources */,
				B2DA33BC19FDF06B000547AE /* SearchTableViewCell.m in Sources */,
				B2798FA919F4B8A300E8EA54 /* main.m in Sources */,
				B2DA33C119FDF0CA000547AE /* Mall.m in Sources */,
				B2FCAB551A023C25009BD31B /* StoreViewController.m in Sources */,
				B2FCAB6A1A024625009BD31B /* SettingViewController.m in Sources */,
			);
			runOnlyForDeploymentPostprocessing = 0;
		};
		B2798FB819F4B8A300E8EA54 /* Sources */ = {
			isa = PBXSourcesBuildPhase;
			buildActionMask = 2147483647;
			files = (
				B2798FC319F4B8A400E8EA54 /* AutoLayoutTests.m in Sources */,
			);
			runOnlyForDeploymentPostprocessing = 0;
		};
/* End PBXSourcesBuildPhase section */

/* Begin PBXTargetDependency section */
		B2798FBE19F4B8A300E8EA54 /* PBXTargetDependency */ = {
			isa = PBXTargetDependency;
			target = B2798FA219F4B8A300E8EA54 /* AutoLayout */;
			targetProxy = B2798FBD19F4B8A300E8EA54 /* PBXContainerItemProxy */;
		};
/* End PBXTargetDependency section */

/* Begin PBXVariantGroup section */
		B2798FB019F4B8A300E8EA54 /* Main.storyboard */ = {
			isa = PBXVariantGroup;
			children = (
				B2798FB119F4B8A300E8EA54 /* Base */,
			);
			name = Main.storyboard;
			sourceTree = "<group>";
		};
		B2798FB519F4B8A300E8EA54 /* LaunchScreen.xib */ = {
			isa = PBXVariantGroup;
			children = (
				B2798FB619F4B8A300E8EA54 /* Base */,
			);
			name = LaunchScreen.xib;
			sourceTree = "<group>";
		};
/* End PBXVariantGroup section */

/* Begin XCBuildConfiguration section */
		B2798FC419F4B8A400E8EA54 /* Debug */ = {
			isa = XCBuildConfiguration;
			buildSettings = {
				ALWAYS_SEARCH_USER_PATHS = NO;
				CLANG_CXX_LANGUAGE_STANDARD = "gnu++0x";
				CLANG_CXX_LIBRARY = "libc++";
				CLANG_ENABLE_MODULES = YES;
				CLANG_ENABLE_OBJC_ARC = YES;
				CLANG_WARN_BOOL_CONVERSION = YES;
				CLANG_WARN_CONSTANT_CONVERSION = YES;
				CLANG_WARN_DIRECT_OBJC_ISA_USAGE = YES_ERROR;
				CLANG_WARN_EMPTY_BODY = YES;
				CLANG_WARN_ENUM_CONVERSION = YES;
				CLANG_WARN_INT_CONVERSION = YES;
				CLANG_WARN_OBJC_ROOT_CLASS = YES_ERROR;
				CLANG_WARN_UNREACHABLE_CODE = YES;
				CLANG_WARN__DUPLICATE_METHOD_MATCH = YES;
				"CODE_SIGN_IDENTITY[sdk=iphoneos*]" = "iPhone Developer";
				COPY_PHASE_STRIP = NO;
				ENABLE_STRICT_OBJC_MSGSEND = YES;
				GCC_C_LANGUAGE_STANDARD = gnu99;
				GCC_DYNAMIC_NO_PIC = NO;
				GCC_OPTIMIZATION_LEVEL = 0;
				GCC_PREPROCESSOR_DEFINITIONS = (
					"DEBUG=1",
					"$(inherited)",
				);
				GCC_SYMBOLS_PRIVATE_EXTERN = NO;
				GCC_WARN_64_TO_32_BIT_CONVERSION = YES;
				GCC_WARN_ABOUT_RETURN_TYPE = YES_ERROR;
				GCC_WARN_UNDECLARED_SELECTOR = YES;
				GCC_WARN_UNINITIALIZED_AUTOS = YES_AGGRESSIVE;
				GCC_WARN_UNUSED_FUNCTION = YES;
				GCC_WARN_UNUSED_VARIABLE = YES;
				IPHONEOS_DEPLOYMENT_TARGET = 8.0;
				MTL_ENABLE_DEBUG_INFO = YES;
				ONLY_ACTIVE_ARCH = YES;
				SDKROOT = iphoneos;
			};
			name = Debug;
		};
		B2798FC519F4B8A400E8EA54 /* Release */ = {
			isa = XCBuildConfiguration;
			buildSettings = {
				ALWAYS_SEARCH_USER_PATHS = NO;
				CLANG_CXX_LANGUAGE_STANDARD = "gnu++0x";
				CLANG_CXX_LIBRARY = "libc++";
				CLANG_ENABLE_MODULES = YES;
				CLANG_ENABLE_OBJC_ARC = YES;
				CLANG_WARN_BOOL_CONVERSION = YES;
				CLANG_WARN_CONSTANT_CONVERSION = YES;
				CLANG_WARN_DIRECT_OBJC_ISA_USAGE = YES_ERROR;
				CLANG_WARN_EMPTY_BODY = YES;
				CLANG_WARN_ENUM_CONVERSION = YES;
				CLANG_WARN_INT_CONVERSION = YES;
				CLANG_WARN_OBJC_ROOT_CLASS = YES_ERROR;
				CLANG_WARN_UNREACHABLE_CODE = YES;
				CLANG_WARN__DUPLICATE_METHOD_MATCH = YES;
				"CODE_SIGN_IDENTITY[sdk=iphoneos*]" = "iPhone Developer";
				COPY_PHASE_STRIP = YES;
				ENABLE_NS_ASSERTIONS = NO;
				ENABLE_STRICT_OBJC_MSGSEND = YES;
				GCC_C_LANGUAGE_STANDARD = gnu99;
				GCC_WARN_64_TO_32_BIT_CONVERSION = YES;
				GCC_WARN_ABOUT_RETURN_TYPE = YES_ERROR;
				GCC_WARN_UNDECLARED_SELECTOR = YES;
				GCC_WARN_UNINITIALIZED_AUTOS = YES_AGGRESSIVE;
				GCC_WARN_UNUSED_FUNCTION = YES;
				GCC_WARN_UNUSED_VARIABLE = YES;
				IPHONEOS_DEPLOYMENT_TARGET = 8.0;
				MTL_ENABLE_DEBUG_INFO = NO;
				SDKROOT = iphoneos;
				VALIDATE_PRODUCT = YES;
			};
			name = Release;
		};
		B2798FC719F4B8A400E8EA54 /* Debug */ = {
			isa = XCBuildConfiguration;
			buildSettings = {
				ASSETCATALOG_COMPILER_APPICON_NAME = AppIcon;
				INFOPLIST_FILE = AutoLayout/Info.plist;
				IPHONEOS_DEPLOYMENT_TARGET = 8.0;
				LD_RUNPATH_SEARCH_PATHS = "$(inherited) @executable_path/Frameworks";
				PRODUCT_NAME = "$(TARGET_NAME)";
			};
			name = Debug;
		};
		B2798FC819F4B8A400E8EA54 /* Release */ = {
			isa = XCBuildConfiguration;
			buildSettings = {
				ASSETCATALOG_COMPILER_APPICON_NAME = AppIcon;
				INFOPLIST_FILE = AutoLayout/Info.plist;
				IPHONEOS_DEPLOYMENT_TARGET = 8.0;
				LD_RUNPATH_SEARCH_PATHS = "$(inherited) @executable_path/Frameworks";
				PRODUCT_NAME = "$(TARGET_NAME)";
			};
			name = Release;
		};
		B2798FCA19F4B8A400E8EA54 /* Debug */ = {
			isa = XCBuildConfiguration;
			buildSettings = {
				BUNDLE_LOADER = "$(TEST_HOST)";
				FRAMEWORK_SEARCH_PATHS = (
					"$(SDKROOT)/Developer/Library/Frameworks",
					"$(inherited)",
				);
				GCC_PREPROCESSOR_DEFINITIONS = (
					"DEBUG=1",
					"$(inherited)",
				);
				INFOPLIST_FILE = AutoLayoutTests/Info.plist;
				LD_RUNPATH_SEARCH_PATHS = "$(inherited) @executable_path/Frameworks @loader_path/Frameworks";
				PRODUCT_NAME = "$(TARGET_NAME)";
				TEST_HOST = "$(BUILT_PRODUCTS_DIR)/AutoLayout.app/AutoLayout";
			};
			name = Debug;
		};
		B2798FCB19F4B8A400E8EA54 /* Release */ = {
			isa = XCBuildConfiguration;
			buildSettings = {
				BUNDLE_LOADER = "$(TEST_HOST)";
				FRAMEWORK_SEARCH_PATHS = (
					"$(SDKROOT)/Developer/Library/Frameworks",
					"$(inherited)",
				);
				INFOPLIST_FILE = AutoLayoutTests/Info.plist;
				LD_RUNPATH_SEARCH_PATHS = "$(inherited) @executable_path/Frameworks @loader_path/Frameworks";
				PRODUCT_NAME = "$(TARGET_NAME)";
				TEST_HOST = "$(BUILT_PRODUCTS_DIR)/AutoLayout.app/AutoLayout";
			};
			name = Release;
		};
/* End XCBuildConfiguration section */

/* Begin XCConfigurationList section */
		B2798F9E19F4B8A300E8EA54 /* Build configuration list for PBXProject "AutoLayout" */ = {
			isa = XCConfigurationList;
			buildConfigurations = (
				B2798FC419F4B8A400E8EA54 /* Debug */,
				B2798FC519F4B8A400E8EA54 /* Release */,
			);
			defaultConfigurationIsVisible = 0;
			defaultConfigurationName = Release;
		};
		B2798FC619F4B8A400E8EA54 /* Build configuration list for PBXNativeTarget "AutoLayout" */ = {
			isa = XCConfigurationList;
			buildConfigurations = (
				B2798FC719F4B8A400E8EA54 /* Debug */,
				B2798FC819F4B8A400E8EA54 /* Release */,
			);
			defaultConfigurationIsVisible = 0;
			defaultConfigurationName = Release;
		};
		B2798FC919F4B8A400E8EA54 /* Build configuration list for PBXNativeTarget "AutoLayoutTests" */ = {
			isa = XCConfigurationList;
			buildConfigurations = (
				B2798FCA19F4B8A400E8EA54 /* Debug */,
				B2798FCB19F4B8A400E8EA54 /* Release */,
			);
			defaultConfigurationIsVisible = 0;
			defaultConfigurationName = Release;
		};
/* End XCConfigurationList section */
	};
	rootObject = B2798F9B19F4B8A300E8EA54 /* Project object */;
}
