// !$*UTF8*$!
{
	archiveVersion = 1;
	classes = {
	};
	objectVersion = 46;
	objects = {

/* Begin PBXBuildFile section */
		B25525AA19C18F5C000682E6 /* Foundation.framework in Frameworks */ = {isa = PBXBuildFile; fileRef = B25525A919C18F5C000682E6 /* Foundation.framework */; };
		B25525AC19C18F5C000682E6 /* CoreGraphics.framework in Frameworks */ = {isa = PBXBuildFile; fileRef = B25525AB19C18F5C000682E6 /* CoreGraphics.framework */; };
		B25525AE19C18F5C000682E6 /* UIKit.framework in Frameworks */ = {isa = PBXBuildFile; fileRef = B25525AD19C18F5C000682E6 /* UIKit.framework */; };
		B25525B419C18F5C000682E6 /* InfoPlist.strings in Resources */ = {isa = PBXBuildFile; fileRef = B25525B219C18F5C000682E6 /* InfoPlist.strings */; };
		B25525B619C18F5C000682E6 /* main.m in Sources */ = {isa = PBXBuildFile; fileRef = B25525B519C18F5C000682E6 /* main.m */; };
		B25525BA19C18F5C000682E6 /* AppDelegate.m in Sources */ = {isa = PBXBuildFile; fileRef = B25525B919C18F5C000682E6 /* AppDelegate.m */; };
		B25525BD19C18F5C000682E6 /* Main.storyboard in Resources */ = {isa = PBXBuildFile; fileRef = B25525BB19C18F5C000682E6 /* Main.storyboard */; };
		B25525C019C18F5C000682E6 /* ViewController.m in Sources */ = {isa = PBXBuildFile; fileRef = B25525BF19C18F5C000682E6 /* ViewController.m */; };
		B25525C219C18F5C000682E6 /* Images.xcassets in Resources */ = {isa = PBXBuildFile; fileRef = B25525C119C18F5C000682E6 /* Images.xcassets */; };
		B25525C919C18F5C000682E6 /* XCTest.framework in Frameworks */ = {isa = PBXBuildFile; fileRef = B25525C819C18F5C000682E6 /* XCTest.framework */; };
		B25525CA19C18F5C000682E6 /* Foundation.framework in Frameworks */ = {isa = PBXBuildFile; fileRef = B25525A919C18F5C000682E6 /* Foundation.framework */; };
		B25525CB19C18F5C000682E6 /* UIKit.framework in Frameworks */ = {isa = PBXBuildFile; fileRef = B25525AD19C18F5C000682E6 /* UIKit.framework */; };
		B25525D319C18F5C000682E6 /* InfoPlist.strings in Resources */ = {isa = PBXBuildFile; fileRef = B25525D119C18F5C000682E6 /* InfoPlist.strings */; };
		B25525D519C18F5C000682E6 /* UINavigationControllerTests.m in Sources */ = {isa = PBXBuildFile; fileRef = B25525D419C18F5C000682E6 /* UINavigationControllerTests.m */; };
		B25525E019C195D2000682E6 /* FirstViewController.m in Sources */ = {isa = PBXBuildFile; fileRef = B25525DF19C195D2000682E6 /* FirstViewController.m */; };
		B25525E319C195F5000682E6 /* SecondViewController.m in Sources */ = {isa = PBXBuildFile; fileRef = B25525E219C195F5000682E6 /* SecondViewController.m */; };
/* End PBXBuildFile section */

/* Begin PBXContainerItemProxy section */
		B25525CC19C18F5C000682E6 /* PBXContainerItemProxy */ = {
			isa = PBXContainerItemProxy;
			containerPortal = B255259E19C18F5C000682E6 /* Project object */;
			proxyType = 1;
			remoteGlobalIDString = B25525A519C18F5C000682E6;
			remoteInfo = UINavigationController;
		};
/* End PBXContainerItemProxy section */

/* Begin PBXFileReference section */
		B25525A619C18F5C000682E6 /* UINavigationController.app */ = {isa = PBXFileReference; explicitFileType = wrapper.application; includeInIndex = 0; path = UINavigationController.app; sourceTree = BUILT_PRODUCTS_DIR; };
		B25525A919C18F5C000682E6 /* Foundation.framework */ = {isa = PBXFileReference; lastKnownFileType = wrapper.framework; name = Foundation.framework; path = System/Library/Frameworks/Foundation.framework; sourceTree = SDKROOT; };
		B25525AB19C18F5C000682E6 /* CoreGraphics.framework */ = {isa = PBXFileReference; lastKnownFileType = wrapper.framework; name = CoreGraphics.framework; path = System/Library/Frameworks/CoreGraphics.framework; sourceTree = SDKROOT; };
		B25525AD19C18F5C000682E6 /* UIKit.framework */ = {isa = PBXFileReference; lastKnownFileType = wrapper.framework; name = UIKit.framework; path = System/Library/Frameworks/UIKit.framework; sourceTree = SDKROOT; };
		B25525B119C18F5C000682E6 /* UINavigationController-Info.plist */ = {isa = PBXFileReference; lastKnownFileType = text.plist.xml; path = "UINavigationController-Info.plist"; sourceTree = "<group>"; };
		B25525B319C18F5C000682E6 /* en */ = {isa = PBXFileReference; lastKnownFileType = text.plist.strings; name = en; path = en.lproj/InfoPlist.strings; sourceTree = "<group>"; };
		B25525B519C18F5C000682E6 /* main.m */ = {isa = PBXFileReference; lastKnownFileType = sourcecode.c.objc; path = main.m; sourceTree = "<group>"; };
		B25525B719C18F5C000682E6 /* UINavigationController-Prefix.pch */ = {isa = PBXFileReference; lastKnownFileType = sourcecode.c.h; path = "UINavigationController-Prefix.pch"; sourceTree = "<group>"; };
		B25525B819C18F5C000682E6 /* AppDelegate.h */ = {isa = PBXFileReference; lastKnownFileType = sourcecode.c.h; path = AppDelegate.h; sourceTree = "<group>"; };
		B25525B919C18F5C000682E6 /* AppDelegate.m */ = {isa = PBXFileReference; lastKnownFileType = sourcecode.c.objc; path = AppDelegate.m; sourceTree = "<group>"; };
		B25525BC19C18F5C000682E6 /* Base */ = {isa = PBXFileReference; lastKnownFileType = file.storyboard; name = Base; path = Base.lproj/Main.storyboard; sourceTree = "<group>"; };
		B25525BE19C18F5C000682E6 /* ViewController.h */ = {isa = PBXFileReference; lastKnownFileType = sourcecode.c.h; path = ViewController.h; sourceTree = "<group>"; };
		B25525BF19C18F5C000682E6 /* ViewController.m */ = {isa = PBXFileReference; lastKnownFileType = sourcecode.c.objc; path = ViewController.m; sourceTree = "<group>"; };
		B25525C119C18F5C000682E6 /* Images.xcassets */ = {isa = PBXFileReference; lastKnownFileType = folder.assetcatalog; path = Images.xcassets; sourceTree = "<group>"; };
		B25525C719C18F5C000682E6 /* UINavigationControllerTests.xctest */ = {isa = PBXFileReference; explicitFileType = wrapper.cfbundle; includeInIndex = 0; path = UINavigationControllerTests.xctest; sourceTree = BUILT_PRODUCTS_DIR; };
		B25525C819C18F5C000682E6 /* XCTest.framework */ = {isa = PBXFileReference; lastKnownFileType = wrapper.framework; name = XCTest.framework; path = Library/Frameworks/XCTest.framework; sourceTree = DEVELOPER_DIR; };
		B25525D019C18F5C000682E6 /* UINavigationControllerTests-Info.plist */ = {isa = PBXFileReference; lastKnownFileType = text.plist.xml; path = "UINavigationControllerTests-Info.plist"; sourceTree = "<group>"; };
		B25525D219C18F5C000682E6 /* en */ = {isa = PBXFileReference; lastKnownFileType = text.plist.strings; name = en; path = en.lproj/InfoPlist.strings; sourceTree = "<group>"; };
		B25525D419C18F5C000682E6 /* UINavigationControllerTests.m */ = {isa = PBXFileReference; lastKnownFileType = sourcecode.c.objc; path = UINavigationControllerTests.m; sourceTree = "<group>"; };
		B25525DE19C195D2000682E6 /* FirstViewController.h */ = {isa = PBXFileReference; fileEncoding = 4; lastKnownFileType = sourcecode.c.h; path = FirstViewController.h; sourceTree = "<group>"; };
		B25525DF19C195D2000682E6 /* FirstViewController.m */ = {isa = PBXFileReference; fileEncoding = 4; lastKnownFileType = sourcecode.c.objc; path = FirstViewController.m; sourceTree = "<group>"; };
		B25525E119C195F5000682E6 /* SecondViewController.h */ = {isa = PBXFileReference; fileEncoding = 4; lastKnownFileType = sourcecode.c.h; path = SecondViewController.h; sourceTree = "<group>"; };
		B25525E219C195F5000682E6 /* SecondViewController.m */ = {isa = PBXFileReference; fileEncoding = 4; lastKnownFileType = sourcecode.c.objc; path = SecondViewController.m; sourceTree = "<group>"; };
/* End PBXFileReference section */

/* Begin PBXFrameworksBuildPhase section */
		B25525A319C18F5C000682E6 /* Frameworks */ = {
			isa = PBXFrameworksBuildPhase;
			buildActionMask = 2147483647;
			files = (
				B25525AC19C18F5C000682E6 /* CoreGraphics.framework in Frameworks */,
				B25525AE19C18F5C000682E6 /* UIKit.framework in Frameworks */,
				B25525AA19C18F5C000682E6 /* Foundation.framework in Frameworks */,
			);
			runOnlyForDeploymentPostprocessing = 0;
		};
		B25525C419C18F5C000682E6 /* Frameworks */ = {
			isa = PBXFrameworksBuildPhase;
			buildActionMask = 2147483647;
			files = (
				B25525C919C18F5C000682E6 /* XCTest.framework in Frameworks */,
				B25525CB19C18F5C000682E6 /* UIKit.framework in Frameworks */,
				B25525CA19C18F5C000682E6 /* Foundation.framework in Frameworks */,
			);
			runOnlyForDeploymentPostprocessing = 0;
		};
/* End PBXFrameworksBuildPhase section */

/* Begin PBXGroup section */
		B255259D19C18F5C000682E6 = {
			isa = PBXGroup;
			children = (
				B25525AF19C18F5C000682E6 /* UINavigationController */,
				B25525CE19C18F5C000682E6 /* UINavigationControllerTests */,
				B25525A819C18F5C000682E6 /* Frameworks */,
				B25525A719C18F5C000682E6 /* Products */,
			);
			sourceTree = "<group>";
		};
		B25525A719C18F5C000682E6 /* Products */ = {
			isa = PBXGroup;
			children = (
				B25525A619C18F5C000682E6 /* UINavigationController.app */,
				B25525C719C18F5C000682E6 /* UINavigationControllerTests.xctest */,
			);
			name = Products;
			sourceTree = "<group>";
		};
		B25525A819C18F5C000682E6 /* Frameworks */ = {
			isa = PBXGroup;
			children = (
				B25525A919C18F5C000682E6 /* Foundation.framework */,
				B25525AB19C18F5C000682E6 /* CoreGraphics.framework */,
				B25525AD19C18F5C000682E6 /* UIKit.framework */,
				B25525C819C18F5C000682E6 /* XCTest.framework */,
			);
			name = Frameworks;
			sourceTree = "<group>";
		};
		B25525AF19C18F5C000682E6 /* UINavigationController */ = {
			isa = PBXGroup;
			children = (
				B25525B819C18F5C000682E6 /* AppDelegate.h */,
				B25525B919C18F5C000682E6 /* AppDelegate.m */,
				B25525DE19C195D2000682E6 /* FirstViewController.h */,
				B25525DF19C195D2000682E6 /* FirstViewController.m */,
				B25525E119C195F5000682E6 /* SecondViewController.h */,
				B25525E219C195F5000682E6 /* SecondViewController.m */,
				B25525BB19C18F5C000682E6 /* Main.storyboard */,
				B25525BE19C18F5C000682E6 /* ViewController.h */,
				B25525BF19C18F5C000682E6 /* ViewController.m */,
				B25525C119C18F5C000682E6 /* Images.xcassets */,
				B25525B019C18F5C000682E6 /* Supporting Files */,
			);
			path = UINavigationController;
			sourceTree = "<group>";
		};
		B25525B019C18F5C000682E6 /* Supporting Files */ = {
			isa = PBXGroup;
			children = (
				B25525B119C18F5C000682E6 /* UINavigationController-Info.plist */,
				B25525B219C18F5C000682E6 /* InfoPlist.strings */,
				B25525B519C18F5C000682E6 /* main.m */,
				B25525B719C18F5C000682E6 /* UINavigationController-Prefix.pch */,
			);
			name = "Supporting Files";
			sourceTree = "<group>";
		};
		B25525CE19C18F5C000682E6 /* UINavigationControllerTests */ = {
			isa = PBXGroup;
			children = (
				B25525D419C18F5C000682E6 /* UINavigationControllerTests.m */,
				B25525CF19C18F5C000682E6 /* Supporting Files */,
			);
			path = UINavigationControllerTests;
			sourceTree = "<group>";
		};
		B25525CF19C18F5C000682E6 /* Supporting Files */ = {
			isa = PBXGroup;
			children = (
				B25525D019C18F5C000682E6 /* UINavigationControllerTests-Info.plist */,
				B25525D119C18F5C000682E6 /* InfoPlist.strings */,
			);
			name = "Supporting Files";
			sourceTree = "<group>";
		};
/* End PBXGroup section */

/* Begin PBXNativeTarget section */
		B25525A519C18F5C000682E6 /* UINavigationController */ = {
			isa = PBXNativeTarget;
			buildConfigurationList = B25525D819C18F5C000682E6 /* Build configuration list for PBXNativeTarget "UINavigationController" */;
			buildPhases = (
				B25525A219C18F5C000682E6 /* Sources */,
				B25525A319C18F5C000682E6 /* Frameworks */,
				B25525A419C18F5C000682E6 /* Resources */,
			);
			buildRules = (
			);
			dependencies = (
			);
			name = UINavigationController;
			productName = UINavigationController;
			productReference = B25525A619C18F5C000682E6 /* UINavigationController.app */;
			productType = "com.apple.product-type.application";
		};
		B25525C619C18F5C000682E6 /* UINavigationControllerTests */ = {
			isa = PBXNativeTarget;
			buildConfigurationList = B25525DB19C18F5C000682E6 /* Build configuration list for PBXNativeTarget "UINavigationControllerTests" */;
			buildPhases = (
				B25525C319C18F5C000682E6 /* Sources */,
				B25525C419C18F5C000682E6 /* Frameworks */,
				B25525C519C18F5C000682E6 /* Resources */,
			);
			buildRules = (
			);
			dependencies = (
				B25525CD19C18F5C000682E6 /* PBXTargetDependency */,
			);
			name = UINavigationControllerTests;
			productName = UINavigationControllerTests;
			productReference = B25525C719C18F5C000682E6 /* UINavigationControllerTests.xctest */;
			productType = "com.apple.product-type.bundle.unit-test";
		};
/* End PBXNativeTarget section */

/* Begin PBXProject section */
		B255259E19C18F5C000682E6 /* Project object */ = {
			isa = PBXProject;
			attributes = {
				LastUpgradeCheck = 0510;
				ORGANIZATIONNAME = "___ANHHAU___";
				TargetAttributes = {
					B25525C619C18F5C000682E6 = {
						TestTargetID = B25525A519C18F5C000682E6;
					};
				};
			};
			buildConfigurationList = B25525A119C18F5C000682E6 /* Build configuration list for PBXProject "UINavigationController" */;
			compatibilityVersion = "Xcode 3.2";
			developmentRegion = English;
			hasScannedForEncodings = 0;
			knownRegions = (
				en,
				Base,
			);
			mainGroup = B255259D19C18F5C000682E6;
			productRefGroup = B25525A719C18F5C000682E6 /* Products */;
			projectDirPath = "";
			projectRoot = "";
			targets = (
				B25525A519C18F5C000682E6 /* UINavigationController */,
				B25525C619C18F5C000682E6 /* UINavigationControllerTests */,
			);
		};
/* End PBXProject section */

/* Begin PBXResourcesBuildPhase section */
		B25525A419C18F5C000682E6 /* Resources */ = {
			isa = PBXResourcesBuildPhase;
			buildActionMask = 2147483647;
			files = (
				B25525C219C18F5C000682E6 /* Images.xcassets in Resources */,
				B25525B419C18F5C000682E6 /* InfoPlist.strings in Resources */,
				B25525BD19C18F5C000682E6 /* Main.storyboard in Resources */,
			);
			runOnlyForDeploymentPostprocessing = 0;
		};
		B25525C519C18F5C000682E6 /* Resources */ = {
			isa = PBXResourcesBuildPhase;
			buildActionMask = 2147483647;
			files = (
				B25525D319C18F5C000682E6 /* InfoPlist.strings in Resources */,
			);
			runOnlyForDeploymentPostprocessing = 0;
		};
/* End PBXResourcesBuildPhase section */

/* Begin PBXSourcesBuildPhase section */
		B25525A219C18F5C000682E6 /* Sources */ = {
			isa = PBXSourcesBuildPhase;
			buildActionMask = 2147483647;
			files = (
				B25525E319C195F5000682E6 /* SecondViewController.m in Sources */,
				B25525C019C18F5C000682E6 /* ViewController.m in Sources */,
				B25525BA19C18F5C000682E6 /* AppDelegate.m in Sources */,
				B25525B619C18F5C000682E6 /* main.m in Sources */,
				B25525E019C195D2000682E6 /* FirstViewController.m in Sources */,
			);
			runOnlyForDeploymentPostprocessing = 0;
		};
		B25525C319C18F5C000682E6 /* Sources */ = {
			isa = PBXSourcesBuildPhase;
			buildActionMask = 2147483647;
			files = (
				B25525D519C18F5C000682E6 /* UINavigationControllerTests.m in Sources */,
			);
			runOnlyForDeploymentPostprocessing = 0;
		};
/* End PBXSourcesBuildPhase section */

/* Begin PBXTargetDependency section */
		B25525CD19C18F5C000682E6 /* PBXTargetDependency */ = {
			isa = PBXTargetDependency;
			target = B25525A519C18F5C000682E6 /* UINavigationController */;
			targetProxy = B25525CC19C18F5C000682E6 /* PBXContainerItemProxy */;
		};
/* End PBXTargetDependency section */

/* Begin PBXVariantGroup section */
		B25525B219C18F5C000682E6 /* InfoPlist.strings */ = {
			isa = PBXVariantGroup;
			children = (
				B25525B319C18F5C000682E6 /* en */,
			);
			name = InfoPlist.strings;
			sourceTree = "<group>";
		};
		B25525BB19C18F5C000682E6 /* Main.storyboard */ = {
			isa = PBXVariantGroup;
			children = (
				B25525BC19C18F5C000682E6 /* Base */,
			);
			name = Main.storyboard;
			sourceTree = "<group>";
		};
		B25525D119C18F5C000682E6 /* InfoPlist.strings */ = {
			isa = PBXVariantGroup;
			children = (
				B25525D219C18F5C000682E6 /* en */,
			);
			name = InfoPlist.strings;
			sourceTree = "<group>";
		};
/* End PBXVariantGroup section */

/* Begin XCBuildConfiguration section */
		B25525D619C18F5C000682E6 /* Debug */ = {
			isa = XCBuildConfiguration;
			buildSettings = {
				ALWAYS_SEARCH_USER_PATHS = NO;
				CLANG_CXX_LANGUAGE_STANDARD = "gnu++0x";
				CLANG_CXX_LIBRARY = "libc++";
				CLANG_ENABLE_MODULES = YES;
				CLANG_ENABLE_OBJC_ARC = YES;
				CLANG_WARN_BOOL_CONVERSION = YES;
				CLANG_WARN_CONSTANT_CONVERSION = YES;
				CLANG_WARN_DIRECT_OBJC_ISA_USAGE = YES_ERROR;
				CLANG_WARN_EMPTY_BODY = YES;
				CLANG_WARN_ENUM_CONVERSION = YES;
				CLANG_WARN_INT_CONVERSION = YES;
				CLANG_WARN_OBJC_ROOT_CLASS = YES_ERROR;
				CLANG_WARN__DUPLICATE_METHOD_MATCH = YES;
				"CODE_SIGN_IDENTITY[sdk=iphoneos*]" = "iPhone Developer";
				COPY_PHASE_STRIP = NO;
				GCC_C_LANGUAGE_STANDARD = gnu99;
				GCC_DYNAMIC_NO_PIC = NO;
				GCC_OPTIMIZATION_LEVEL = 0;
				GCC_PREPROCESSOR_DEFINITIONS = (
					"DEBUG=1",
					"$(inherited)",
				);
				GCC_SYMBOLS_PRIVATE_EXTERN = NO;
				GCC_WARN_64_TO_32_BIT_CONVERSION = YES;
				GCC_WARN_ABOUT_RETURN_TYPE = YES_ERROR;
				GCC_WARN_UNDECLARED_SELECTOR = YES;
				GCC_WARN_UNINITIALIZED_AUTOS = YES_AGGRESSIVE;
				GCC_WARN_UNUSED_FUNCTION = YES;
				GCC_WARN_UNUSED_VARIABLE = YES;
				IPHONEOS_DEPLOYMENT_TARGET = 7.1;
				ONLY_ACTIVE_ARCH = YES;
				SDKROOT = iphoneos;
			};
			name = Debug;
		};
		B25525D719C18F5C000682E6 /* Release */ = {
			isa = XCBuildConfiguration;
			buildSettings = {
				ALWAYS_SEARCH_USER_PATHS = NO;
				CLANG_CXX_LANGUAGE_STANDARD = "gnu++0x";
				CLANG_CXX_LIBRARY = "libc++";
				CLANG_ENABLE_MODULES = YES;
				CLANG_ENABLE_OBJC_ARC = YES;
				CLANG_WARN_BOOL_CONVERSION = YES;
				CLANG_WARN_CONSTANT_CONVERSION = YES;
				CLANG_WARN_DIRECT_OBJC_ISA_USAGE = YES_ERROR;
				CLANG_WARN_EMPTY_BODY = YES;
				CLANG_WARN_ENUM_CONVERSION = YES;
				CLANG_WARN_INT_CONVERSION = YES;
				CLANG_WARN_OBJC_ROOT_CLASS = YES_ERROR;
				CLANG_WARN__DUPLICATE_METHOD_MATCH = YES;
				"CODE_SIGN_IDENTITY[sdk=iphoneos*]" = "iPhone Developer";
				COPY_PHASE_STRIP = YES;
				ENABLE_NS_ASSERTIONS = NO;
				GCC_C_LANGUAGE_STANDARD = gnu99;
				GCC_WARN_64_TO_32_BIT_CONVERSION = YES;
				GCC_WARN_ABOUT_RETURN_TYPE = YES_ERROR;
				GCC_WARN_UNDECLARED_SELECTOR = YES;
				GCC_WARN_UNINITIALIZED_AUTOS = YES_AGGRESSIVE;
				GCC_WARN_UNUSED_FUNCTION = YES;
				GCC_WARN_UNUSED_VARIABLE = YES;
				IPHONEOS_DEPLOYMENT_TARGET = 7.1;
				SDKROOT = iphoneos;
				VALIDATE_PRODUCT = YES;
			};
			name = Release;
		};
		B25525D919C18F5C000682E6 /* Debug */ = {
			isa = XCBuildConfiguration;
			buildSettings = {
				ASSETCATALOG_COMPILER_APPICON_NAME = AppIcon;
				ASSETCATALOG_COMPILER_LAUNCHIMAGE_NAME = LaunchImage;
				GCC_PRECOMPILE_PREFIX_HEADER = YES;
				GCC_PREFIX_HEADER = "UINavigationController/UINavigationController-Prefix.pch";
				INFOPLIST_FILE = "UINavigationController/UINavigationController-Info.plist";
				PRODUCT_NAME = "$(TARGET_NAME)";
				WRAPPER_EXTENSION = app;
			};
			name = Debug;
		};
		B25525DA19C18F5C000682E6 /* Release */ = {
			isa = XCBuildConfiguration;
			buildSettings = {
				ASSETCATALOG_COMPILER_APPICON_NAME = AppIcon;
				ASSETCATALOG_COMPILER_LAUNCHIMAGE_NAME = LaunchImage;
				GCC_PRECOMPILE_PREFIX_HEADER = YES;
				GCC_PREFIX_HEADER = "UINavigationController/UINavigationController-Prefix.pch";
				INFOPLIST_FILE = "UINavigationController/UINavigationController-Info.plist";
				PRODUCT_NAME = "$(TARGET_NAME)";
				WRAPPER_EXTENSION = app;
			};
			name = Release;
		};
		B25525DC19C18F5C000682E6 /* Debug */ = {
			isa = XCBuildConfiguration;
			buildSettings = {
				BUNDLE_LOADER = "$(BUILT_PRODUCTS_DIR)/UINavigationController.app/UINavigationController";
				FRAMEWORK_SEARCH_PATHS = (
					"$(SDKROOT)/Developer/Library/Frameworks",
					"$(inherited)",
					"$(DEVELOPER_FRAMEWORKS_DIR)",
				);
				GCC_PRECOMPILE_PREFIX_HEADER = YES;
				GCC_PREFIX_HEADER = "UINavigationController/UINavigationController-Prefix.pch";
				GCC_PREPROCESSOR_DEFINITIONS = (
					"DEBUG=1",
					"$(inherited)",
				);
				INFOPLIST_FILE = "UINavigationControllerTests/UINavigationControllerTests-Info.plist";
				PRODUCT_NAME = "$(TARGET_NAME)";
				TEST_HOST = "$(BUNDLE_LOADER)";
				WRAPPER_EXTENSION = xctest;
			};
			name = Debug;
		};
		B25525DD19C18F5C000682E6 /* Release */ = {
			isa = XCBuildConfiguration;
			buildSettings = {
				BUNDLE_LOADER = "$(BUILT_PRODUCTS_DIR)/UINavigationController.app/UINavigationController";
				FRAMEWORK_SEARCH_PATHS = (
					"$(SDKROOT)/Developer/Library/Frameworks",
					"$(inherited)",
					"$(DEVELOPER_FRAMEWORKS_DIR)",
				);
				GCC_PRECOMPILE_PREFIX_HEADER = YES;
				GCC_PREFIX_HEADER = "UINavigationController/UINavigationController-Prefix.pch";
				INFOPLIST_FILE = "UINavigationControllerTests/UINavigationControllerTests-Info.plist";
				PRODUCT_NAME = "$(TARGET_NAME)";
				TEST_HOST = "$(BUNDLE_LOADER)";
				WRAPPER_EXTENSION = xctest;
			};
			name = Release;
		};
/* End XCBuildConfiguration section */

/* Begin XCConfigurationList section */
		B25525A119C18F5C000682E6 /* Build configuration list for PBXProject "UINavigationController" */ = {
			isa = XCConfigurationList;
			buildConfigurations = (
				B25525D619C18F5C000682E6 /* Debug */,
				B25525D719C18F5C000682E6 /* Release */,
			);
			defaultConfigurationIsVisible = 0;
			defaultConfigurationName = Release;
		};
		B25525D819C18F5C000682E6 /* Build configuration list for PBXNativeTarget "UINavigationController" */ = {
			isa = XCConfigurationList;
			buildConfigurations = (
				B25525D919C18F5C000682E6 /* Debug */,
				B25525DA19C18F5C000682E6 /* Release */,
			);
			defaultConfigurationIsVisible = 0;
		};
		B25525DB19C18F5C000682E6 /* Build configuration list for PBXNativeTarget "UINavigationControllerTests" */ = {
			isa = XCConfigurationList;
			buildConfigurations = (
				B25525DC19C18F5C000682E6 /* Debug */,
				B25525DD19C18F5C000682E6 /* Release */,
			);
			defaultConfigurationIsVisible = 0;
		};
/* End XCConfigurationList section */
	};
	rootObject = B255259E19C18F5C000682E6 /* Project object */;
}
