// !$*UTF8*$!
{
	archiveVersion = 1;
	classes = {
	};
	objectVersion = 46;
	objects = {

/* Begin PBXBuildFile section */
		B26B42B319BE92D70091996C /* Foundation.framework in Frameworks */ = {isa = PBXBuildFile; fileRef = B26B42B219BE92D70091996C /* Foundation.framework */; };
		B26B42B519BE92D70091996C /* CoreGraphics.framework in Frameworks */ = {isa = PBXBuildFile; fileRef = B26B42B419BE92D70091996C /* CoreGraphics.framework */; };
		B26B42B719BE92D70091996C /* UIKit.framework in Frameworks */ = {isa = PBXBuildFile; fileRef = B26B42B619BE92D70091996C /* UIKit.framework */; };
		B26B42BD19BE92D70091996C /* InfoPlist.strings in Resources */ = {isa = PBXBuildFile; fileRef = B26B42BB19BE92D70091996C /* InfoPlist.strings */; };
		B26B42BF19BE92D70091996C /* main.m in Sources */ = {isa = PBXBuildFile; fileRef = B26B42BE19BE92D70091996C /* main.m */; };
		B26B42C319BE92D70091996C /* demoAppDelegate.m in Sources */ = {isa = PBXBuildFile; fileRef = B26B42C219BE92D70091996C /* demoAppDelegate.m */; };
		B26B42C619BE92D70091996C /* Main.storyboard in Resources */ = {isa = PBXBuildFile; fileRef = B26B42C419BE92D70091996C /* Main.storyboard */; };
		B26B42C919BE92D70091996C /* demoViewController.m in Sources */ = {isa = PBXBuildFile; fileRef = B26B42C819BE92D70091996C /* demoViewController.m */; };
		B26B42CB19BE92D70091996C /* Images.xcassets in Resources */ = {isa = PBXBuildFile; fileRef = B26B42CA19BE92D70091996C /* Images.xcassets */; };
		B26B42D219BE92D80091996C /* XCTest.framework in Frameworks */ = {isa = PBXBuildFile; fileRef = B26B42D119BE92D80091996C /* XCTest.framework */; };
		B26B42D319BE92D80091996C /* Foundation.framework in Frameworks */ = {isa = PBXBuildFile; fileRef = B26B42B219BE92D70091996C /* Foundation.framework */; };
		B26B42D419BE92D80091996C /* UIKit.framework in Frameworks */ = {isa = PBXBuildFile; fileRef = B26B42B619BE92D70091996C /* UIKit.framework */; };
		B26B42DC19BE92D80091996C /* InfoPlist.strings in Resources */ = {isa = PBXBuildFile; fileRef = B26B42DA19BE92D80091996C /* InfoPlist.strings */; };
		B26B42DE19BE92D80091996C /* SwitchTests.m in Sources */ = {isa = PBXBuildFile; fileRef = B26B42DD19BE92D80091996C /* SwitchTests.m */; };
/* End PBXBuildFile section */

/* Begin PBXContainerItemProxy section */
		B26B42D519BE92D80091996C /* PBXContainerItemProxy */ = {
			isa = PBXContainerItemProxy;
			containerPortal = B26B42A719BE92D70091996C /* Project object */;
			proxyType = 1;
			remoteGlobalIDString = B26B42AE19BE92D70091996C;
			remoteInfo = Switch;
		};
/* End PBXContainerItemProxy section */

/* Begin PBXFileReference section */
		B26B42AF19BE92D70091996C /* Switch.app */ = {isa = PBXFileReference; explicitFileType = wrapper.application; includeInIndex = 0; path = Switch.app; sourceTree = BUILT_PRODUCTS_DIR; };
		B26B42B219BE92D70091996C /* Foundation.framework */ = {isa = PBXFileReference; lastKnownFileType = wrapper.framework; name = Foundation.framework; path = System/Library/Frameworks/Foundation.framework; sourceTree = SDKROOT; };
		B26B42B419BE92D70091996C /* CoreGraphics.framework */ = {isa = PBXFileReference; lastKnownFileType = wrapper.framework; name = CoreGraphics.framework; path = System/Library/Frameworks/CoreGraphics.framework; sourceTree = SDKROOT; };
		B26B42B619BE92D70091996C /* UIKit.framework */ = {isa = PBXFileReference; lastKnownFileType = wrapper.framework; name = UIKit.framework; path = System/Library/Frameworks/UIKit.framework; sourceTree = SDKROOT; };
		B26B42BA19BE92D70091996C /* Switch-Info.plist */ = {isa = PBXFileReference; lastKnownFileType = text.plist.xml; path = "Switch-Info.plist"; sourceTree = "<group>"; };
		B26B42BC19BE92D70091996C /* en */ = {isa = PBXFileReference; lastKnownFileType = text.plist.strings; name = en; path = en.lproj/InfoPlist.strings; sourceTree = "<group>"; };
		B26B42BE19BE92D70091996C /* main.m */ = {isa = PBXFileReference; lastKnownFileType = sourcecode.c.objc; path = main.m; sourceTree = "<group>"; };
		B26B42C019BE92D70091996C /* Switch-Prefix.pch */ = {isa = PBXFileReference; lastKnownFileType = sourcecode.c.h; path = "Switch-Prefix.pch"; sourceTree = "<group>"; };
		B26B42C119BE92D70091996C /* demoAppDelegate.h */ = {isa = PBXFileReference; lastKnownFileType = sourcecode.c.h; path = demoAppDelegate.h; sourceTree = "<group>"; };
		B26B42C219BE92D70091996C /* demoAppDelegate.m */ = {isa = PBXFileReference; lastKnownFileType = sourcecode.c.objc; path = demoAppDelegate.m; sourceTree = "<group>"; };
		B26B42C519BE92D70091996C /* Base */ = {isa = PBXFileReference; lastKnownFileType = file.storyboard; name = Base; path = Base.lproj/Main.storyboard; sourceTree = "<group>"; };
		B26B42C719BE92D70091996C /* demoViewController.h */ = {isa = PBXFileReference; lastKnownFileType = sourcecode.c.h; path = demoViewController.h; sourceTree = "<group>"; };
		B26B42C819BE92D70091996C /* demoViewController.m */ = {isa = PBXFileReference; lastKnownFileType = sourcecode.c.objc; path = demoViewController.m; sourceTree = "<group>"; };
		B26B42CA19BE92D70091996C /* Images.xcassets */ = {isa = PBXFileReference; lastKnownFileType = folder.assetcatalog; path = Images.xcassets; sourceTree = "<group>"; };
		B26B42D019BE92D80091996C /* SwitchTests.xctest */ = {isa = PBXFileReference; explicitFileType = wrapper.cfbundle; includeInIndex = 0; path = SwitchTests.xctest; sourceTree = BUILT_PRODUCTS_DIR; };
		B26B42D119BE92D80091996C /* XCTest.framework */ = {isa = PBXFileReference; lastKnownFileType = wrapper.framework; name = XCTest.framework; path = Library/Frameworks/XCTest.framework; sourceTree = DEVELOPER_DIR; };
		B26B42D919BE92D80091996C /* SwitchTests-Info.plist */ = {isa = PBXFileReference; lastKnownFileType = text.plist.xml; path = "SwitchTests-Info.plist"; sourceTree = "<group>"; };
		B26B42DB19BE92D80091996C /* en */ = {isa = PBXFileReference; lastKnownFileType = text.plist.strings; name = en; path = en.lproj/InfoPlist.strings; sourceTree = "<group>"; };
		B26B42DD19BE92D80091996C /* SwitchTests.m */ = {isa = PBXFileReference; lastKnownFileType = sourcecode.c.objc; path = SwitchTests.m; sourceTree = "<group>"; };
/* End PBXFileReference section */

/* Begin PBXFrameworksBuildPhase section */
		B26B42AC19BE92D70091996C /* Frameworks */ = {
			isa = PBXFrameworksBuildPhase;
			buildActionMask = 2147483647;
			files = (
				B26B42B519BE92D70091996C /* CoreGraphics.framework in Frameworks */,
				B26B42B719BE92D70091996C /* UIKit.framework in Frameworks */,
				B26B42B319BE92D70091996C /* Foundation.framework in Frameworks */,
			);
			runOnlyForDeploymentPostprocessing = 0;
		};
		B26B42CD19BE92D80091996C /* Frameworks */ = {
			isa = PBXFrameworksBuildPhase;
			buildActionMask = 2147483647;
			files = (
				B26B42D219BE92D80091996C /* XCTest.framework in Frameworks */,
				B26B42D419BE92D80091996C /* UIKit.framework in Frameworks */,
				B26B42D319BE92D80091996C /* Foundation.framework in Frameworks */,
			);
			runOnlyForDeploymentPostprocessing = 0;
		};
/* End PBXFrameworksBuildPhase section */

/* Begin PBXGroup section */
		B26B42A619BE92D70091996C = {
			isa = PBXGroup;
			children = (
				B26B42B819BE92D70091996C /* Switch */,
				B26B42D719BE92D80091996C /* SwitchTests */,
				B26B42B119BE92D70091996C /* Frameworks */,
				B26B42B019BE92D70091996C /* Products */,
			);
			sourceTree = "<group>";
		};
		B26B42B019BE92D70091996C /* Products */ = {
			isa = PBXGroup;
			children = (
				B26B42AF19BE92D70091996C /* Switch.app */,
				B26B42D019BE92D80091996C /* SwitchTests.xctest */,
			);
			name = Products;
			sourceTree = "<group>";
		};
		B26B42B119BE92D70091996C /* Frameworks */ = {
			isa = PBXGroup;
			children = (
				B26B42B219BE92D70091996C /* Foundation.framework */,
				B26B42B419BE92D70091996C /* CoreGraphics.framework */,
				B26B42B619BE92D70091996C /* UIKit.framework */,
				B26B42D119BE92D80091996C /* XCTest.framework */,
			);
			name = Frameworks;
			sourceTree = "<group>";
		};
		B26B42B819BE92D70091996C /* Switch */ = {
			isa = PBXGroup;
			children = (
				B26B42C119BE92D70091996C /* demoAppDelegate.h */,
				B26B42C219BE92D70091996C /* demoAppDelegate.m */,
				B26B42C419BE92D70091996C /* Main.storyboard */,
				B26B42C719BE92D70091996C /* demoViewController.h */,
				B26B42C819BE92D70091996C /* demoViewController.m */,
				B26B42CA19BE92D70091996C /* Images.xcassets */,
				B26B42B919BE92D70091996C /* Supporting Files */,
			);
			path = Switch;
			sourceTree = "<group>";
		};
		B26B42B919BE92D70091996C /* Supporting Files */ = {
			isa = PBXGroup;
			children = (
				B26B42BA19BE92D70091996C /* Switch-Info.plist */,
				B26B42BB19BE92D70091996C /* InfoPlist.strings */,
				B26B42BE19BE92D70091996C /* main.m */,
				B26B42C019BE92D70091996C /* Switch-Prefix.pch */,
			);
			name = "Supporting Files";
			sourceTree = "<group>";
		};
		B26B42D719BE92D80091996C /* SwitchTests */ = {
			isa = PBXGroup;
			children = (
				B26B42DD19BE92D80091996C /* SwitchTests.m */,
				B26B42D819BE92D80091996C /* Supporting Files */,
			);
			path = SwitchTests;
			sourceTree = "<group>";
		};
		B26B42D819BE92D80091996C /* Supporting Files */ = {
			isa = PBXGroup;
			children = (
				B26B42D919BE92D80091996C /* SwitchTests-Info.plist */,
				B26B42DA19BE92D80091996C /* InfoPlist.strings */,
			);
			name = "Supporting Files";
			sourceTree = "<group>";
		};
/* End PBXGroup section */

/* Begin PBXNativeTarget section */
		B26B42AE19BE92D70091996C /* Switch */ = {
			isa = PBXNativeTarget;
			buildConfigurationList = B26B42E119BE92D80091996C /* Build configuration list for PBXNativeTarget "Switch" */;
			buildPhases = (
				B26B42AB19BE92D70091996C /* Sources */,
				B26B42AC19BE92D70091996C /* Frameworks */,
				B26B42AD19BE92D70091996C /* Resources */,
			);
			buildRules = (
			);
			dependencies = (
			);
			name = Switch;
			productName = Switch;
			productReference = B26B42AF19BE92D70091996C /* Switch.app */;
			productType = "com.apple.product-type.application";
		};
		B26B42CF19BE92D80091996C /* SwitchTests */ = {
			isa = PBXNativeTarget;
			buildConfigurationList = B26B42E419BE92D80091996C /* Build configuration list for PBXNativeTarget "SwitchTests" */;
			buildPhases = (
				B26B42CC19BE92D80091996C /* Sources */,
				B26B42CD19BE92D80091996C /* Frameworks */,
				B26B42CE19BE92D80091996C /* Resources */,
			);
			buildRules = (
			);
			dependencies = (
				B26B42D619BE92D80091996C /* PBXTargetDependency */,
			);
			name = SwitchTests;
			productName = SwitchTests;
			productReference = B26B42D019BE92D80091996C /* SwitchTests.xctest */;
			productType = "com.apple.product-type.bundle.unit-test";
		};
/* End PBXNativeTarget section */

/* Begin PBXProject section */
		B26B42A719BE92D70091996C /* Project object */ = {
			isa = PBXProject;
			attributes = {
				CLASSPREFIX = demo;
				LastUpgradeCheck = 0510;
				ORGANIZATIONNAME = "___ANHHAU___";
				TargetAttributes = {
					B26B42CF19BE92D80091996C = {
						TestTargetID = B26B42AE19BE92D70091996C;
					};
				};
			};
			buildConfigurationList = B26B42AA19BE92D70091996C /* Build configuration list for PBXProject "Switch" */;
			compatibilityVersion = "Xcode 3.2";
			developmentRegion = English;
			hasScannedForEncodings = 0;
			knownRegions = (
				en,
				Base,
			);
			mainGroup = B26B42A619BE92D70091996C;
			productRefGroup = B26B42B019BE92D70091996C /* Products */;
			projectDirPath = "";
			projectRoot = "";
			targets = (
				B26B42AE19BE92D70091996C /* Switch */,
				B26B42CF19BE92D80091996C /* SwitchTests */,
			);
		};
/* End PBXProject section */

/* Begin PBXResourcesBuildPhase section */
		B26B42AD19BE92D70091996C /* Resources */ = {
			isa = PBXResourcesBuildPhase;
			buildActionMask = 2147483647;
			files = (
				B26B42CB19BE92D70091996C /* Images.xcassets in Resources */,
				B26B42BD19BE92D70091996C /* InfoPlist.strings in Resources */,
				B26B42C619BE92D70091996C /* Main.storyboard in Resources */,
			);
			runOnlyForDeploymentPostprocessing = 0;
		};
		B26B42CE19BE92D80091996C /* Resources */ = {
			isa = PBXResourcesBuildPhase;
			buildActionMask = 2147483647;
			files = (
				B26B42DC19BE92D80091996C /* InfoPlist.strings in Resources */,
			);
			runOnlyForDeploymentPostprocessing = 0;
		};
/* End PBXResourcesBuildPhase section */

/* Begin PBXSourcesBuildPhase section */
		B26B42AB19BE92D70091996C /* Sources */ = {
			isa = PBXSourcesBuildPhase;
			buildActionMask = 2147483647;
			files = (
				B26B42BF19BE92D70091996C /* main.m in Sources */,
				B26B42C319BE92D70091996C /* demoAppDelegate.m in Sources */,
				B26B42C919BE92D70091996C /* demoViewController.m in Sources */,
			);
			runOnlyForDeploymentPostprocessing = 0;
		};
		B26B42CC19BE92D80091996C /* Sources */ = {
			isa = PBXSourcesBuildPhase;
			buildActionMask = 2147483647;
			files = (
				B26B42DE19BE92D80091996C /* SwitchTests.m in Sources */,
			);
			runOnlyForDeploymentPostprocessing = 0;
		};
/* End PBXSourcesBuildPhase section */

/* Begin PBXTargetDependency section */
		B26B42D619BE92D80091996C /* PBXTargetDependency */ = {
			isa = PBXTargetDependency;
			target = B26B42AE19BE92D70091996C /* Switch */;
			targetProxy = B26B42D519BE92D80091996C /* PBXContainerItemProxy */;
		};
/* End PBXTargetDependency section */

/* Begin PBXVariantGroup section */
		B26B42BB19BE92D70091996C /* InfoPlist.strings */ = {
			isa = PBXVariantGroup;
			children = (
				B26B42BC19BE92D70091996C /* en */,
			);
			name = InfoPlist.strings;
			sourceTree = "<group>";
		};
		B26B42C419BE92D70091996C /* Main.storyboard */ = {
			isa = PBXVariantGroup;
			children = (
				B26B42C519BE92D70091996C /* Base */,
			);
			name = Main.storyboard;
			sourceTree = "<group>";
		};
		B26B42DA19BE92D80091996C /* InfoPlist.strings */ = {
			isa = PBXVariantGroup;
			children = (
				B26B42DB19BE92D80091996C /* en */,
			);
			name = InfoPlist.strings;
			sourceTree = "<group>";
		};
/* End PBXVariantGroup section */

/* Begin XCBuildConfiguration section */
		B26B42DF19BE92D80091996C /* Debug */ = {
			isa = XCBuildConfiguration;
			buildSettings = {
				ALWAYS_SEARCH_USER_PATHS = NO;
				CLANG_CXX_LANGUAGE_STANDARD = "gnu++0x";
				CLANG_CXX_LIBRARY = "libc++";
				CLANG_ENABLE_MODULES = YES;
				CLANG_ENABLE_OBJC_ARC = YES;
				CLANG_WARN_BOOL_CONVERSION = YES;
				CLANG_WARN_CONSTANT_CONVERSION = YES;
				CLANG_WARN_DIRECT_OBJC_ISA_USAGE = YES_ERROR;
				CLANG_WARN_EMPTY_BODY = YES;
				CLANG_WARN_ENUM_CONVERSION = YES;
				CLANG_WARN_INT_CONVERSION = YES;
				CLANG_WARN_OBJC_ROOT_CLASS = YES_ERROR;
				CLANG_WARN__DUPLICATE_METHOD_MATCH = YES;
				"CODE_SIGN_IDENTITY[sdk=iphoneos*]" = "iPhone Developer";
				COPY_PHASE_STRIP = NO;
				GCC_C_LANGUAGE_STANDARD = gnu99;
				GCC_DYNAMIC_NO_PIC = NO;
				GCC_OPTIMIZATION_LEVEL = 0;
				GCC_PREPROCESSOR_DEFINITIONS = (
					"DEBUG=1",
					"$(inherited)",
				);
				GCC_SYMBOLS_PRIVATE_EXTERN = NO;
				GCC_WARN_64_TO_32_BIT_CONVERSION = YES;
				GCC_WARN_ABOUT_RETURN_TYPE = YES_ERROR;
				GCC_WARN_UNDECLARED_SELECTOR = YES;
				GCC_WARN_UNINITIALIZED_AUTOS = YES_AGGRESSIVE;
				GCC_WARN_UNUSED_FUNCTION = YES;
				GCC_WARN_UNUSED_VARIABLE = YES;
				IPHONEOS_DEPLOYMENT_TARGET = 7.1;
				ONLY_ACTIVE_ARCH = YES;
				SDKROOT = iphoneos;
			};
			name = Debug;
		};
		B26B42E019BE92D80091996C /* Release */ = {
			isa = XCBuildConfiguration;
			buildSettings = {
				ALWAYS_SEARCH_USER_PATHS = NO;
				CLANG_CXX_LANGUAGE_STANDARD = "gnu++0x";
				CLANG_CXX_LIBRARY = "libc++";
				CLANG_ENABLE_MODULES = YES;
				CLANG_ENABLE_OBJC_ARC = YES;
				CLANG_WARN_BOOL_CONVERSION = YES;
				CLANG_WARN_CONSTANT_CONVERSION = YES;
				CLANG_WARN_DIRECT_OBJC_ISA_USAGE = YES_ERROR;
				CLANG_WARN_EMPTY_BODY = YES;
				CLANG_WARN_ENUM_CONVERSION = YES;
				CLANG_WARN_INT_CONVERSION = YES;
				CLANG_WARN_OBJC_ROOT_CLASS = YES_ERROR;
				CLANG_WARN__DUPLICATE_METHOD_MATCH = YES;
				"CODE_SIGN_IDENTITY[sdk=iphoneos*]" = "iPhone Developer";
				COPY_PHASE_STRIP = YES;
				ENABLE_NS_ASSERTIONS = NO;
				GCC_C_LANGUAGE_STANDARD = gnu99;
				GCC_WARN_64_TO_32_BIT_CONVERSION = YES;
				GCC_WARN_ABOUT_RETURN_TYPE = YES_ERROR;
				GCC_WARN_UNDECLARED_SELECTOR = YES;
				GCC_WARN_UNINITIALIZED_AUTOS = YES_AGGRESSIVE;
				GCC_WARN_UNUSED_FUNCTION = YES;
				GCC_WARN_UNUSED_VARIABLE = YES;
				IPHONEOS_DEPLOYMENT_TARGET = 7.1;
				SDKROOT = iphoneos;
				VALIDATE_PRODUCT = YES;
			};
			name = Release;
		};
		B26B42E219BE92D80091996C /* Debug */ = {
			isa = XCBuildConfiguration;
			buildSettings = {
				ASSETCATALOG_COMPILER_APPICON_NAME = AppIcon;
				ASSETCATALOG_COMPILER_LAUNCHIMAGE_NAME = LaunchImage;
				GCC_PRECOMPILE_PREFIX_HEADER = YES;
				GCC_PREFIX_HEADER = "Switch/Switch-Prefix.pch";
				INFOPLIST_FILE = "Switch/Switch-Info.plist";
				PRODUCT_NAME = "$(TARGET_NAME)";
				WRAPPER_EXTENSION = app;
			};
			name = Debug;
		};
		B26B42E319BE92D80091996C /* Release */ = {
			isa = XCBuildConfiguration;
			buildSettings = {
				ASSETCATALOG_COMPILER_APPICON_NAME = AppIcon;
				ASSETCATALOG_COMPILER_LAUNCHIMAGE_NAME = LaunchImage;
				GCC_PRECOMPILE_PREFIX_HEADER = YES;
				GCC_PREFIX_HEADER = "Switch/Switch-Prefix.pch";
				INFOPLIST_FILE = "Switch/Switch-Info.plist";
				PRODUCT_NAME = "$(TARGET_NAME)";
				WRAPPER_EXTENSION = app;
			};
			name = Release;
		};
		B26B42E519BE92D80091996C /* Debug */ = {
			isa = XCBuildConfiguration;
			buildSettings = {
				BUNDLE_LOADER = "$(BUILT_PRODUCTS_DIR)/Switch.app/Switch";
				FRAMEWORK_SEARCH_PATHS = (
					"$(SDKROOT)/Developer/Library/Frameworks",
					"$(inherited)",
					"$(DEVELOPER_FRAMEWORKS_DIR)",
				);
				GCC_PRECOMPILE_PREFIX_HEADER = YES;
				GCC_PREFIX_HEADER = "Switch/Switch-Prefix.pch";
				GCC_PREPROCESSOR_DEFINITIONS = (
					"DEBUG=1",
					"$(inherited)",
				);
				INFOPLIST_FILE = "SwitchTests/SwitchTests-Info.plist";
				PRODUCT_NAME = "$(TARGET_NAME)";
				TEST_HOST = "$(BUNDLE_LOADER)";
				WRAPPER_EXTENSION = xctest;
			};
			name = Debug;
		};
		B26B42E619BE92D80091996C /* Release */ = {
			isa = XCBuildConfiguration;
			buildSettings = {
				BUNDLE_LOADER = "$(BUILT_PRODUCTS_DIR)/Switch.app/Switch";
				FRAMEWORK_SEARCH_PATHS = (
					"$(SDKROOT)/Developer/Library/Frameworks",
					"$(inherited)",
					"$(DEVELOPER_FRAMEWORKS_DIR)",
				);
				GCC_PRECOMPILE_PREFIX_HEADER = YES;
				GCC_PREFIX_HEADER = "Switch/Switch-Prefix.pch";
				INFOPLIST_FILE = "SwitchTests/SwitchTests-Info.plist";
				PRODUCT_NAME = "$(TARGET_NAME)";
				TEST_HOST = "$(BUNDLE_LOADER)";
				WRAPPER_EXTENSION = xctest;
			};
			name = Release;
		};
/* End XCBuildConfiguration section */

/* Begin XCConfigurationList section */
		B26B42AA19BE92D70091996C /* Build configuration list for PBXProject "Switch" */ = {
			isa = XCConfigurationList;
			buildConfigurations = (
				B26B42DF19BE92D80091996C /* Debug */,
				B26B42E019BE92D80091996C /* Release */,
			);
			defaultConfigurationIsVisible = 0;
			defaultConfigurationName = Release;
		};
		B26B42E119BE92D80091996C /* Build configuration list for PBXNativeTarget "Switch" */ = {
			isa = XCConfigurationList;
			buildConfigurations = (
				B26B42E219BE92D80091996C /* Debug */,
				B26B42E319BE92D80091996C /* Release */,
			);
			defaultConfigurationIsVisible = 0;
		};
		B26B42E419BE92D80091996C /* Build configuration list for PBXNativeTarget "SwitchTests" */ = {
			isa = XCConfigurationList;
			buildConfigurations = (
				B26B42E519BE92D80091996C /* Debug */,
				B26B42E619BE92D80091996C /* Release */,
			);
			defaultConfigurationIsVisible = 0;
		};
/* End XCConfigurationList section */
	};
	rootObject = B26B42A719BE92D70091996C /* Project object */;
}
